// !$*UTF8*$!
{
	archiveVersion = 1;
	classes = {
	};
	objectVersion = 50;
	objects = {

/* Begin PBXBuildFile section */
		182A4070253048740045CB28 /* MonthTBCell.swift in Sources */ = {isa = PBXBuildFile; fileRef = 182A406E253048740045CB28 /* MonthTBCell.swift */; };
		182A4071253048740045CB28 /* MonthTBCell.xib in Resources */ = {isa = PBXBuildFile; fileRef = 182A406F253048740045CB28 /* MonthTBCell.xib */; };
		182A81E5252C165A0011D7E9 /* DetailMonth.xib in Resources */ = {isa = PBXBuildFile; fileRef = 182A81E3252C165A0011D7E9 /* DetailMonth.xib */; };
		182A81E6252C165A0011D7E9 /* DetailMonth.swift in Sources */ = {isa = PBXBuildFile; fileRef = 182A81E4252C165A0011D7E9 /* DetailMonth.swift */; };
		182A81EB252C17280011D7E9 /* CellDetailMonth.swift in Sources */ = {isa = PBXBuildFile; fileRef = 182A81E9252C17280011D7E9 /* CellDetailMonth.swift */; };
		182A81EC252C17280011D7E9 /* CellDetailMonth.xib in Resources */ = {isa = PBXBuildFile; fileRef = 182A81EA252C17280011D7E9 /* CellDetailMonth.xib */; };
		1854687525358C750093AAA1 /* ListReportView.swift in Sources */ = {isa = PBXBuildFile; fileRef = 1854687425358C750093AAA1 /* ListReportView.swift */; };
		1854687925358C7E0093AAA1 /* ListReportView.xib in Resources */ = {isa = PBXBuildFile; fileRef = 1854687825358C7E0093AAA1 /* ListReportView.xib */; };
		18546886253595BA0093AAA1 /* ListReportViewController.swift in Sources */ = {isa = PBXBuildFile; fileRef = 18546884253595BA0093AAA1 /* ListReportViewController.swift */; };
		18546887253595BA0093AAA1 /* ListReportViewController.xib in Resources */ = {isa = PBXBuildFile; fileRef = 18546885253595BA0093AAA1 /* ListReportViewController.xib */; };
		1854688F2535A49A0093AAA1 /* ListNotifiCell.swift in Sources */ = {isa = PBXBuildFile; fileRef = 1854688D2535A49A0093AAA1 /* ListNotifiCell.swift */; };
		185468902535A49A0093AAA1 /* ListNotifiCell.xib in Resources */ = {isa = PBXBuildFile; fileRef = 1854688E2535A49A0093AAA1 /* ListNotifiCell.xib */; };
		185468962535AD870093AAA1 /* CellDetailNotifi1.swift in Sources */ = {isa = PBXBuildFile; fileRef = 185468942535AD870093AAA1 /* CellDetailNotifi1.swift */; };
		185468972535AD870093AAA1 /* CellDetailNotifi1.xib in Resources */ = {isa = PBXBuildFile; fileRef = 185468952535AD870093AAA1 /* CellDetailNotifi1.xib */; };
		1854689B2535AD930093AAA1 /* CellDetailNotifi2.swift in Sources */ = {isa = PBXBuildFile; fileRef = 185468992535AD930093AAA1 /* CellDetailNotifi2.swift */; };
		1854689C2535AD930093AAA1 /* CellDetailNotifi2.xib in Resources */ = {isa = PBXBuildFile; fileRef = 1854689A2535AD930093AAA1 /* CellDetailNotifi2.xib */; };
		185468A02535ADA00093AAA1 /* CellDetailNotifi3.swift in Sources */ = {isa = PBXBuildFile; fileRef = 1854689E2535ADA00093AAA1 /* CellDetailNotifi3.swift */; };
		185468A12535ADA00093AAA1 /* CellDetailNotifi3.xib in Resources */ = {isa = PBXBuildFile; fileRef = 1854689F2535ADA00093AAA1 /* CellDetailNotifi3.xib */; };
		1860CC45252AB7E5006DD73F /* CalendarVC.swift in Sources */ = {isa = PBXBuildFile; fileRef = 1860CC43252AB7E5006DD73F /* CalendarVC.swift */; };
		1860CC46252AB7E5006DD73F /* CalendarVC.xib in Resources */ = {isa = PBXBuildFile; fileRef = 1860CC44252AB7E5006DD73F /* CalendarVC.xib */; };
		1860CC4D252ACFCC006DD73F /* DayCell.swift in Sources */ = {isa = PBXBuildFile; fileRef = 1860CC4B252ACFCC006DD73F /* DayCell.swift */; };
		1860CC4E252ACFCC006DD73F /* DayCell.xib in Resources */ = {isa = PBXBuildFile; fileRef = 1860CC4C252ACFCC006DD73F /* DayCell.xib */; };
		1860CC56252ADB92006DD73F /* KLCPopup.m in Sources */ = {isa = PBXBuildFile; fileRef = 1860CC55252ADB92006DD73F /* KLCPopup.m */; };
		187D75612522DDBA00A940EA /* EventKit.swift in Sources */ = {isa = PBXBuildFile; fileRef = 187D75602522DDBA00A940EA /* EventKit.swift */; };
		188DA86C252EB4AA008A63C0 /* PersonCell.swift in Sources */ = {isa = PBXBuildFile; fileRef = 188DA86A252EB4AA008A63C0 /* PersonCell.swift */; };
		188DA86D252EB4AA008A63C0 /* PersonCell.xib in Resources */ = {isa = PBXBuildFile; fileRef = 188DA86B252EB4AA008A63C0 /* PersonCell.xib */; };
		18A5B3A125305042008E8126 /* EventMonth.xib in Resources */ = {isa = PBXBuildFile; fileRef = 18A5B3A025305042008E8126 /* EventMonth.xib */; };
		18A5B3A42530504F008E8126 /* EventMonth.swift in Sources */ = {isa = PBXBuildFile; fileRef = 18A5B3A32530504F008E8126 /* EventMonth.swift */; };
		18AE1C21252B2AAE0059EC18 /* DayTableViewCell.swift in Sources */ = {isa = PBXBuildFile; fileRef = 18AE1C1F252B2AAE0059EC18 /* DayTableViewCell.swift */; };
		18AE1C22252B2AAE0059EC18 /* DayTableViewCell.xib in Resources */ = {isa = PBXBuildFile; fileRef = 18AE1C20252B2AAE0059EC18 /* DayTableViewCell.xib */; };
		18B0D976252DB2EA009608FD /* DocumentCell.swift in Sources */ = {isa = PBXBuildFile; fileRef = 18B0D974252DB2EA009608FD /* DocumentCell.swift */; };
		18B0D977252DB2EA009608FD /* DocumentCell.xib in Resources */ = {isa = PBXBuildFile; fileRef = 18B0D975252DB2EA009608FD /* DocumentCell.xib */; };
		18B4B5FC25382ED100739BC8 /* HomeVC.swift in Sources */ = {isa = PBXBuildFile; fileRef = 18B4B5FA25382ED100739BC8 /* HomeVC.swift */; };
		18B4B5FD25382ED100739BC8 /* HomeVC.xib in Resources */ = {isa = PBXBuildFile; fileRef = 18B4B5FB25382ED100739BC8 /* HomeVC.xib */; };
		18B4B60325383A7900739BC8 /* HomeTbCell1.swift in Sources */ = {isa = PBXBuildFile; fileRef = 18B4B60125383A7900739BC8 /* HomeTbCell1.swift */; };
		18B4B60425383A7900739BC8 /* HomeTbCell1.xib in Resources */ = {isa = PBXBuildFile; fileRef = 18B4B60225383A7900739BC8 /* HomeTbCell1.xib */; };
		18B4B60925383D6800739BC8 /* HomeCell1.swift in Sources */ = {isa = PBXBuildFile; fileRef = 18B4B60725383D6800739BC8 /* HomeCell1.swift */; };
		18B4B60A25383D6800739BC8 /* HomeCell1.xib in Resources */ = {isa = PBXBuildFile; fileRef = 18B4B60825383D6800739BC8 /* HomeCell1.xib */; };
		18B4B60E25383F0400739BC8 /* HomeCell2.swift in Sources */ = {isa = PBXBuildFile; fileRef = 18B4B60C25383F0400739BC8 /* HomeCell2.swift */; };
		18B4B60F25383F0400739BC8 /* HomeCell2.xib in Resources */ = {isa = PBXBuildFile; fileRef = 18B4B60D25383F0400739BC8 /* HomeCell2.xib */; };
		18B4B614253854C900739BC8 /* HomeCollectionCell.swift in Sources */ = {isa = PBXBuildFile; fileRef = 18B4B612253854C900739BC8 /* HomeCollectionCell.swift */; };
		18B4B615253854C900739BC8 /* HomeCollectionCell.xib in Resources */ = {isa = PBXBuildFile; fileRef = 18B4B613253854C900739BC8 /* HomeCollectionCell.xib */; };
		18B4B61A2538560E00739BC8 /* HomeView1.swift in Sources */ = {isa = PBXBuildFile; fileRef = 18B4B6192538560E00739BC8 /* HomeView1.swift */; };
		18B4B61E2538561800739BC8 /* HomeView1.xib in Resources */ = {isa = PBXBuildFile; fileRef = 18B4B61D2538561800739BC8 /* HomeView1.xib */; };
		18B4B6212538562900739BC8 /* HomeView2.xib in Resources */ = {isa = PBXBuildFile; fileRef = 18B4B6202538562900739BC8 /* HomeView2.xib */; };
		18B4B6242538563700739BC8 /* HomeView2.swift in Sources */ = {isa = PBXBuildFile; fileRef = 18B4B6232538563700739BC8 /* HomeView2.swift */; };
		18B4B6282538564400739BC8 /* HomeView3.swift in Sources */ = {isa = PBXBuildFile; fileRef = 18B4B6272538564400739BC8 /* HomeView3.swift */; };
		18B4B62B2538564F00739BC8 /* HomeView4.swift in Sources */ = {isa = PBXBuildFile; fileRef = 18B4B62A2538564F00739BC8 /* HomeView4.swift */; };
		18B4B62E2538565A00739BC8 /* HomeView3.xib in Resources */ = {isa = PBXBuildFile; fileRef = 18B4B62D2538565A00739BC8 /* HomeView3.xib */; };
		18B4B6312538566B00739BC8 /* HomeView4.xib in Resources */ = {isa = PBXBuildFile; fileRef = 18B4B6302538566B00739BC8 /* HomeView4.xib */; };
		18BA4D6925245FD700D3E357 /* HomeViewController.xib in Resources */ = {isa = PBXBuildFile; fileRef = 18BA4D6725245FD700D3E357 /* HomeViewController.xib */; };
		18BA4D6A25245FD700D3E357 /* HomeViewController.swift in Sources */ = {isa = PBXBuildFile; fileRef = 18BA4D6825245FD700D3E357 /* HomeViewController.swift */; };
		18BA4D702524602C00D3E357 /* MonthViewController.swift in Sources */ = {isa = PBXBuildFile; fileRef = 18BA4D6E2524602C00D3E357 /* MonthViewController.swift */; };
		18BA4D712524602C00D3E357 /* MonthViewController.xib in Resources */ = {isa = PBXBuildFile; fileRef = 18BA4D6F2524602C00D3E357 /* MonthViewController.xib */; };
		18BA4D84252468D900D3E357 /* DayViewController.xib in Resources */ = {isa = PBXBuildFile; fileRef = 18BA4D82252468D900D3E357 /* DayViewController.xib */; };
		18BA4D85252468D900D3E357 /* DayViewController.swift in Sources */ = {isa = PBXBuildFile; fileRef = 18BA4D83252468D900D3E357 /* DayViewController.swift */; };
		18BA4D902524690D00D3E357 /* CellCollectionViewCell.xib in Resources */ = {isa = PBXBuildFile; fileRef = 18BA4D8C2524690D00D3E357 /* CellCollectionViewCell.xib */; };
		18BA4D912524690D00D3E357 /* CellDate.swift in Sources */ = {isa = PBXBuildFile; fileRef = 18BA4D8D2524690D00D3E357 /* CellDate.swift */; };
		18BA4D922524690D00D3E357 /* CellDate.xib in Resources */ = {isa = PBXBuildFile; fileRef = 18BA4D8E2524690D00D3E357 /* CellDate.xib */; };
		18BA4D932524690D00D3E357 /* CellCollectionViewCell.swift in Sources */ = {isa = PBXBuildFile; fileRef = 18BA4D8F2524690D00D3E357 /* CellCollectionViewCell.swift */; };
		18D42D7525353F3800819EB4 /* HMSegmentedControl.m in Sources */ = {isa = PBXBuildFile; fileRef = 18D42D7425353F3800819EB4 /* HMSegmentedControl.m */; };
		18D42D7B25355DF200819EB4 /* MenuViewController.swift in Sources */ = {isa = PBXBuildFile; fileRef = 18D42D7925355DF200819EB4 /* MenuViewController.swift */; };
		18D42D7C25355DF200819EB4 /* MenuViewController.xib in Resources */ = {isa = PBXBuildFile; fileRef = 18D42D7A25355DF200819EB4 /* MenuViewController.xib */; };
		18D42D812535610D00819EB4 /* CellMenu.swift in Sources */ = {isa = PBXBuildFile; fileRef = 18D42D7F2535610D00819EB4 /* CellMenu.swift */; };
		18D42D822535610D00819EB4 /* CellMenu.xib in Resources */ = {isa = PBXBuildFile; fileRef = 18D42D802535610D00819EB4 /* CellMenu.xib */; };
		18D42D872535666F00819EB4 /* NotifiViewController.swift in Sources */ = {isa = PBXBuildFile; fileRef = 18D42D852535666F00819EB4 /* NotifiViewController.swift */; };
		18D42D882535666F00819EB4 /* NotifiViewController.xib in Resources */ = {isa = PBXBuildFile; fileRef = 18D42D862535666F00819EB4 /* NotifiViewController.xib */; };
		18D42D8D253569F600819EB4 /* ReportViewController.swift in Sources */ = {isa = PBXBuildFile; fileRef = 18D42D8B253569F600819EB4 /* ReportViewController.swift */; };
		18D42D8E253569F600819EB4 /* ReportViewController.xib in Resources */ = {isa = PBXBuildFile; fileRef = 18D42D8C253569F600819EB4 /* ReportViewController.xib */; };
		18D42D9325356C6100819EB4 /* CellReport.swift in Sources */ = {isa = PBXBuildFile; fileRef = 18D42D9125356C6100819EB4 /* CellReport.swift */; };
		18D42D9425356C6100819EB4 /* CellReport.xib in Resources */ = {isa = PBXBuildFile; fileRef = 18D42D9225356C6100819EB4 /* CellReport.xib */; };
		18EF12FA252D63750052C317 /* UIView+UpdateAutoLayoutConstraints.m in Sources */ = {isa = PBXBuildFile; fileRef = 18EF12F8252D63750052C317 /* UIView+UpdateAutoLayoutConstraints.m */; };
		18F0E9EF25219A960031DB29 /* AppDelegate.swift in Sources */ = {isa = PBXBuildFile; fileRef = 18F0E9EE25219A960031DB29 /* AppDelegate.swift */; };
		18F0E9F325219A960031DB29 /* ViewController.swift in Sources */ = {isa = PBXBuildFile; fileRef = 18F0E9F225219A960031DB29 /* ViewController.swift */; };
		18F0E9F625219A960031DB29 /* Main.storyboard in Resources */ = {isa = PBXBuildFile; fileRef = 18F0E9F425219A960031DB29 /* Main.storyboard */; };
		18F0E9F825219A980031DB29 /* Assets.xcassets in Resources */ = {isa = PBXBuildFile; fileRef = 18F0E9F725219A980031DB29 /* Assets.xcassets */; };
		18F0E9FB25219A980031DB29 /* LaunchScreen.storyboard in Resources */ = {isa = PBXBuildFile; fileRef = 18F0E9F925219A980031DB29 /* LaunchScreen.storyboard */; };
		18F0EA1225219C5C0031DB29 /* ExtensionCalendar.swift in Sources */ = {isa = PBXBuildFile; fileRef = 18F0EA0D25219C5C0031DB29 /* ExtensionCalendar.swift */; };
		18F0EA1325219C5C0031DB29 /* GetData.swift in Sources */ = {isa = PBXBuildFile; fileRef = 18F0EA0E25219C5C0031DB29 /* GetData.swift */; };
		18F0EA1425219C5C0031DB29 /* ExtensionDate.swift in Sources */ = {isa = PBXBuildFile; fileRef = 18F0EA0F25219C5C0031DB29 /* ExtensionDate.swift */; };
		18F0EA1525219C5C0031DB29 /* Utils.swift in Sources */ = {isa = PBXBuildFile; fileRef = 18F0EA1025219C5C0031DB29 /* Utils.swift */; };
		18F0EA1625219C5C0031DB29 /* Struct.swift in Sources */ = {isa = PBXBuildFile; fileRef = 18F0EA1125219C5C0031DB29 /* Struct.swift */; };
		18F0EA1B25219CD30031DB29 /* DateExtensions.swift in Sources */ = {isa = PBXBuildFile; fileRef = 18F0EA1A25219CD30031DB29 /* DateExtensions.swift */; };
		18F0EA1F25219D170031DB29 /* Event.json in Resources */ = {isa = PBXBuildFile; fileRef = 18F0EA1D25219D170031DB29 /* Event.json */; };
		9B088677253714C6005D0390 /* SetNotifiView.xib in Resources */ = {isa = PBXBuildFile; fileRef = 9B088676253714C6005D0390 /* SetNotifiView.xib */; };
		9B088679253715AF005D0390 /* SetNotifiView.swift in Sources */ = {isa = PBXBuildFile; fileRef = 9B088678253715AF005D0390 /* SetNotifiView.swift */; };
		9B08867B25371657005D0390 /* SetSecurityView.swift in Sources */ = {isa = PBXBuildFile; fileRef = 9B08867A25371657005D0390 /* SetSecurityView.swift */; };
		9B08867D25371662005D0390 /* SetSecurityView.xib in Resources */ = {isa = PBXBuildFile; fileRef = 9B08867C25371662005D0390 /* SetSecurityView.xib */; };
		9B6A3D62252E1EB7005A3367 /* EventCell1.swift in Sources */ = {isa = PBXBuildFile; fileRef = 9B6A3D60252E1EB7005A3367 /* EventCell1.swift */; };
		9B6A3D63252E1EB7005A3367 /* EventCell1.xib in Resources */ = {isa = PBXBuildFile; fileRef = 9B6A3D61252E1EB7005A3367 /* EventCell1.xib */; };
		9B6A3D66252E2008005A3367 /* EventCell2.swift in Sources */ = {isa = PBXBuildFile; fileRef = 9B6A3D64252E2008005A3367 /* EventCell2.swift */; };
		9B6A3D67252E2008005A3367 /* EventCell2.xib in Resources */ = {isa = PBXBuildFile; fileRef = 9B6A3D65252E2008005A3367 /* EventCell2.xib */; };
		9B6A3D6A252E2062005A3367 /* EventCell3.swift in Sources */ = {isa = PBXBuildFile; fileRef = 9B6A3D68252E2062005A3367 /* EventCell3.swift */; };
		9B6A3D6B252E2062005A3367 /* EventCell3.xib in Resources */ = {isa = PBXBuildFile; fileRef = 9B6A3D69252E2062005A3367 /* EventCell3.xib */; };
		9B90CEDE2536DC93003AED04 /* AppViewController.swift in Sources */ = {isa = PBXBuildFile; fileRef = 9B90CEDC2536DC93003AED04 /* AppViewController.swift */; };
		9B90CEDF2536DC93003AED04 /* AppViewController.xib in Resources */ = {isa = PBXBuildFile; fileRef = 9B90CEDD2536DC93003AED04 /* AppViewController.xib */; };
		9B90CEE32536DF71003AED04 /* CellApp.swift in Sources */ = {isa = PBXBuildFile; fileRef = 9B90CEE12536DF71003AED04 /* CellApp.swift */; };
		9B90CEE42536DF71003AED04 /* CellApp.xib in Resources */ = {isa = PBXBuildFile; fileRef = 9B90CEE22536DF71003AED04 /* CellApp.xib */; };
		9B90CEE82536EC27003AED04 /* SettingViewController.swift in Sources */ = {isa = PBXBuildFile; fileRef = 9B90CEE62536EC27003AED04 /* SettingViewController.swift */; };
		9B90CEE92536EC27003AED04 /* SettingViewController.xib in Resources */ = {isa = PBXBuildFile; fileRef = 9B90CEE72536EC27003AED04 /* SettingViewController.xib */; };
		9B90CEEE2536ED07003AED04 /* CellSetting1.swift in Sources */ = {isa = PBXBuildFile; fileRef = 9B90CEEC2536ED07003AED04 /* CellSetting1.swift */; };
		9B90CEEF2536ED07003AED04 /* CellSetting1.xib in Resources */ = {isa = PBXBuildFile; fileRef = 9B90CEED2536ED07003AED04 /* CellSetting1.xib */; };
		9B90CEF22536ED15003AED04 /* CellSetting2.swift in Sources */ = {isa = PBXBuildFile; fileRef = 9B90CEF02536ED15003AED04 /* CellSetting2.swift */; };
		9B90CEF32536ED15003AED04 /* CellSetting2.xib in Resources */ = {isa = PBXBuildFile; fileRef = 9B90CEF12536ED15003AED04 /* CellSetting2.xib */; };
		9B90CEF62536ED73003AED04 /* CellSetting3.swift in Sources */ = {isa = PBXBuildFile; fileRef = 9B90CEF42536ED73003AED04 /* CellSetting3.swift */; };
		9B90CEF72536ED73003AED04 /* CellSetting3.xib in Resources */ = {isa = PBXBuildFile; fileRef = 9B90CEF52536ED73003AED04 /* CellSetting3.xib */; };
		9B90CEFA2536ED7E003AED04 /* CellSetting4.swift in Sources */ = {isa = PBXBuildFile; fileRef = 9B90CEF82536ED7E003AED04 /* CellSetting4.swift */; };
		9B90CEFB2536ED7E003AED04 /* CellSetting4.xib in Resources */ = {isa = PBXBuildFile; fileRef = 9B90CEF92536ED7E003AED04 /* CellSetting4.xib */; };
		9B90CEFE2536FA3F003AED04 /* ProfileView.swift in Sources */ = {isa = PBXBuildFile; fileRef = 9B90CEFD2536FA3F003AED04 /* ProfileView.swift */; };
		9B90CF002536FA48003AED04 /* ProfileView.xib in Resources */ = {isa = PBXBuildFile; fileRef = 9B90CEFF2536FA48003AED04 /* ProfileView.xib */; };
		9B90CF042536FDC2003AED04 /* ProfileCell.swift in Sources */ = {isa = PBXBuildFile; fileRef = 9B90CF022536FDC2003AED04 /* ProfileCell.swift */; };
		9B90CF052536FDC2003AED04 /* ProfileCell.xib in Resources */ = {isa = PBXBuildFile; fileRef = 9B90CF032536FDC2003AED04 /* ProfileCell.xib */; };
		9B90CF0825370D5B003AED04 /* SetCalendarView.swift in Sources */ = {isa = PBXBuildFile; fileRef = 9B90CF0725370D5B003AED04 /* SetCalendarView.swift */; };
		9B90CF0A25370D64003AED04 /* SetCalendarView.xib in Resources */ = {isa = PBXBuildFile; fileRef = 9B90CF0925370D64003AED04 /* SetCalendarView.xib */; };
/* End PBXBuildFile section */

/* Begin PBXFileReference section */
		182A406E253048740045CB28 /* MonthTBCell.swift */ = {isa = PBXFileReference; lastKnownFileType = sourcecode.swift; path = MonthTBCell.swift; sourceTree = "<group>"; };
		182A406F253048740045CB28 /* MonthTBCell.xib */ = {isa = PBXFileReference; lastKnownFileType = file.xib; path = MonthTBCell.xib; sourceTree = "<group>"; };
		182A81E3252C165A0011D7E9 /* DetailMonth.xib */ = {isa = PBXFileReference; fileEncoding = 4; lastKnownFileType = file.xib; path = DetailMonth.xib; sourceTree = "<group>"; };
		182A81E4252C165A0011D7E9 /* DetailMonth.swift */ = {isa = PBXFileReference; fileEncoding = 4; lastKnownFileType = sourcecode.swift; path = DetailMonth.swift; sourceTree = "<group>"; };
		182A81E9252C17280011D7E9 /* CellDetailMonth.swift */ = {isa = PBXFileReference; fileEncoding = 4; lastKnownFileType = sourcecode.swift; path = CellDetailMonth.swift; sourceTree = "<group>"; };
		182A81EA252C17280011D7E9 /* CellDetailMonth.xib */ = {isa = PBXFileReference; fileEncoding = 4; lastKnownFileType = file.xib; path = CellDetailMonth.xib; sourceTree = "<group>"; };
		1854687425358C750093AAA1 /* ListReportView.swift */ = {isa = PBXFileReference; lastKnownFileType = sourcecode.swift; path = ListReportView.swift; sourceTree = "<group>"; };
		1854687825358C7E0093AAA1 /* ListReportView.xib */ = {isa = PBXFileReference; lastKnownFileType = file.xib; path = ListReportView.xib; sourceTree = "<group>"; };
		18546884253595BA0093AAA1 /* ListReportViewController.swift */ = {isa = PBXFileReference; lastKnownFileType = sourcecode.swift; path = ListReportViewController.swift; sourceTree = "<group>"; };
		18546885253595BA0093AAA1 /* ListReportViewController.xib */ = {isa = PBXFileReference; lastKnownFileType = file.xib; path = ListReportViewController.xib; sourceTree = "<group>"; };
		1854688D2535A49A0093AAA1 /* ListNotifiCell.swift */ = {isa = PBXFileReference; lastKnownFileType = sourcecode.swift; path = ListNotifiCell.swift; sourceTree = "<group>"; };
		1854688E2535A49A0093AAA1 /* ListNotifiCell.xib */ = {isa = PBXFileReference; lastKnownFileType = file.xib; path = ListNotifiCell.xib; sourceTree = "<group>"; };
		185468942535AD870093AAA1 /* CellDetailNotifi1.swift */ = {isa = PBXFileReference; lastKnownFileType = sourcecode.swift; path = CellDetailNotifi1.swift; sourceTree = "<group>"; };
		185468952535AD870093AAA1 /* CellDetailNotifi1.xib */ = {isa = PBXFileReference; lastKnownFileType = file.xib; path = CellDetailNotifi1.xib; sourceTree = "<group>"; };
		185468992535AD930093AAA1 /* CellDetailNotifi2.swift */ = {isa = PBXFileReference; lastKnownFileType = sourcecode.swift; path = CellDetailNotifi2.swift; sourceTree = "<group>"; };
		1854689A2535AD930093AAA1 /* CellDetailNotifi2.xib */ = {isa = PBXFileReference; lastKnownFileType = file.xib; path = CellDetailNotifi2.xib; sourceTree = "<group>"; };
		1854689E2535ADA00093AAA1 /* CellDetailNotifi3.swift */ = {isa = PBXFileReference; lastKnownFileType = sourcecode.swift; path = CellDetailNotifi3.swift; sourceTree = "<group>"; };
		1854689F2535ADA00093AAA1 /* CellDetailNotifi3.xib */ = {isa = PBXFileReference; lastKnownFileType = file.xib; path = CellDetailNotifi3.xib; sourceTree = "<group>"; };
		1860CC43252AB7E5006DD73F /* CalendarVC.swift */ = {isa = PBXFileReference; lastKnownFileType = sourcecode.swift; path = CalendarVC.swift; sourceTree = "<group>"; };
		1860CC44252AB7E5006DD73F /* CalendarVC.xib */ = {isa = PBXFileReference; lastKnownFileType = file.xib; path = CalendarVC.xib; sourceTree = "<group>"; };
		1860CC4B252ACFCC006DD73F /* DayCell.swift */ = {isa = PBXFileReference; lastKnownFileType = sourcecode.swift; path = DayCell.swift; sourceTree = "<group>"; };
		1860CC4C252ACFCC006DD73F /* DayCell.xib */ = {isa = PBXFileReference; lastKnownFileType = file.xib; path = DayCell.xib; sourceTree = "<group>"; };
		1860CC54252ADB92006DD73F /* KLCPopup.h */ = {isa = PBXFileReference; fileEncoding = 4; lastKnownFileType = sourcecode.c.h; path = KLCPopup.h; sourceTree = "<group>"; };
		1860CC55252ADB92006DD73F /* KLCPopup.m */ = {isa = PBXFileReference; fileEncoding = 4; lastKnownFileType = sourcecode.c.objc; path = KLCPopup.m; sourceTree = "<group>"; };
		187D75602522DDBA00A940EA /* EventKit.swift */ = {isa = PBXFileReference; lastKnownFileType = sourcecode.swift; path = EventKit.swift; sourceTree = "<group>"; };
		188DA86A252EB4AA008A63C0 /* PersonCell.swift */ = {isa = PBXFileReference; lastKnownFileType = sourcecode.swift; path = PersonCell.swift; sourceTree = "<group>"; };
		188DA86B252EB4AA008A63C0 /* PersonCell.xib */ = {isa = PBXFileReference; lastKnownFileType = file.xib; path = PersonCell.xib; sourceTree = "<group>"; };
		18A5B3A025305042008E8126 /* EventMonth.xib */ = {isa = PBXFileReference; lastKnownFileType = file.xib; path = EventMonth.xib; sourceTree = "<group>"; };
		18A5B3A32530504F008E8126 /* EventMonth.swift */ = {isa = PBXFileReference; lastKnownFileType = sourcecode.swift; path = EventMonth.swift; sourceTree = "<group>"; };
		18AE1C1F252B2AAE0059EC18 /* DayTableViewCell.swift */ = {isa = PBXFileReference; lastKnownFileType = sourcecode.swift; path = DayTableViewCell.swift; sourceTree = "<group>"; };
		18AE1C20252B2AAE0059EC18 /* DayTableViewCell.xib */ = {isa = PBXFileReference; lastKnownFileType = file.xib; path = DayTableViewCell.xib; sourceTree = "<group>"; };
		18B0D974252DB2EA009608FD /* DocumentCell.swift */ = {isa = PBXFileReference; lastKnownFileType = sourcecode.swift; path = DocumentCell.swift; sourceTree = "<group>"; };
		18B0D975252DB2EA009608FD /* DocumentCell.xib */ = {isa = PBXFileReference; lastKnownFileType = file.xib; path = DocumentCell.xib; sourceTree = "<group>"; };
		18B4B5FA25382ED100739BC8 /* HomeVC.swift */ = {isa = PBXFileReference; lastKnownFileType = sourcecode.swift; path = HomeVC.swift; sourceTree = "<group>"; };
		18B4B5FB25382ED100739BC8 /* HomeVC.xib */ = {isa = PBXFileReference; lastKnownFileType = file.xib; path = HomeVC.xib; sourceTree = "<group>"; };
		18B4B60125383A7900739BC8 /* HomeTbCell1.swift */ = {isa = PBXFileReference; lastKnownFileType = sourcecode.swift; path = HomeTbCell1.swift; sourceTree = "<group>"; };
		18B4B60225383A7900739BC8 /* HomeTbCell1.xib */ = {isa = PBXFileReference; lastKnownFileType = file.xib; path = HomeTbCell1.xib; sourceTree = "<group>"; };
		18B4B60725383D6800739BC8 /* HomeCell1.swift */ = {isa = PBXFileReference; lastKnownFileType = sourcecode.swift; path = HomeCell1.swift; sourceTree = "<group>"; };
		18B4B60825383D6800739BC8 /* HomeCell1.xib */ = {isa = PBXFileReference; lastKnownFileType = file.xib; path = HomeCell1.xib; sourceTree = "<group>"; };
		18B4B60C25383F0400739BC8 /* HomeCell2.swift */ = {isa = PBXFileReference; lastKnownFileType = sourcecode.swift; path = HomeCell2.swift; sourceTree = "<group>"; };
		18B4B60D25383F0400739BC8 /* HomeCell2.xib */ = {isa = PBXFileReference; lastKnownFileType = file.xib; path = HomeCell2.xib; sourceTree = "<group>"; };
		18B4B612253854C900739BC8 /* HomeCollectionCell.swift */ = {isa = PBXFileReference; lastKnownFileType = sourcecode.swift; path = HomeCollectionCell.swift; sourceTree = "<group>"; };
		18B4B613253854C900739BC8 /* HomeCollectionCell.xib */ = {isa = PBXFileReference; lastKnownFileType = file.xib; path = HomeCollectionCell.xib; sourceTree = "<group>"; };
		18B4B6192538560E00739BC8 /* HomeView1.swift */ = {isa = PBXFileReference; lastKnownFileType = sourcecode.swift; path = HomeView1.swift; sourceTree = "<group>"; };
		18B4B61D2538561800739BC8 /* HomeView1.xib */ = {isa = PBXFileReference; lastKnownFileType = file.xib; path = HomeView1.xib; sourceTree = "<group>"; };
		18B4B6202538562900739BC8 /* HomeView2.xib */ = {isa = PBXFileReference; lastKnownFileType = file.xib; path = HomeView2.xib; sourceTree = "<group>"; };
		18B4B6232538563700739BC8 /* HomeView2.swift */ = {isa = PBXFileReference; lastKnownFileType = sourcecode.swift; path = HomeView2.swift; sourceTree = "<group>"; };
		18B4B6272538564400739BC8 /* HomeView3.swift */ = {isa = PBXFileReference; lastKnownFileType = sourcecode.swift; path = HomeView3.swift; sourceTree = "<group>"; };
		18B4B62A2538564F00739BC8 /* HomeView4.swift */ = {isa = PBXFileReference; lastKnownFileType = sourcecode.swift; path = HomeView4.swift; sourceTree = "<group>"; };
		18B4B62D2538565A00739BC8 /* HomeView3.xib */ = {isa = PBXFileReference; lastKnownFileType = file.xib; path = HomeView3.xib; sourceTree = "<group>"; };
		18B4B6302538566B00739BC8 /* HomeView4.xib */ = {isa = PBXFileReference; lastKnownFileType = file.xib; path = HomeView4.xib; sourceTree = "<group>"; };
		18BA4D6725245FD700D3E357 /* HomeViewController.xib */ = {isa = PBXFileReference; fileEncoding = 4; lastKnownFileType = file.xib; path = HomeViewController.xib; sourceTree = "<group>"; };
		18BA4D6825245FD700D3E357 /* HomeViewController.swift */ = {isa = PBXFileReference; fileEncoding = 4; lastKnownFileType = sourcecode.swift; path = HomeViewController.swift; sourceTree = "<group>"; };
		18BA4D6E2524602C00D3E357 /* MonthViewController.swift */ = {isa = PBXFileReference; lastKnownFileType = sourcecode.swift; path = MonthViewController.swift; sourceTree = "<group>"; };
		18BA4D6F2524602C00D3E357 /* MonthViewController.xib */ = {isa = PBXFileReference; lastKnownFileType = file.xib; path = MonthViewController.xib; sourceTree = "<group>"; };
		18BA4D82252468D900D3E357 /* DayViewController.xib */ = {isa = PBXFileReference; fileEncoding = 4; lastKnownFileType = file.xib; path = DayViewController.xib; sourceTree = "<group>"; };
		18BA4D83252468D900D3E357 /* DayViewController.swift */ = {isa = PBXFileReference; fileEncoding = 4; lastKnownFileType = sourcecode.swift; path = DayViewController.swift; sourceTree = "<group>"; };
		18BA4D8C2524690D00D3E357 /* CellCollectionViewCell.xib */ = {isa = PBXFileReference; fileEncoding = 4; lastKnownFileType = file.xib; path = CellCollectionViewCell.xib; sourceTree = "<group>"; };
		18BA4D8D2524690D00D3E357 /* CellDate.swift */ = {isa = PBXFileReference; fileEncoding = 4; lastKnownFileType = sourcecode.swift; path = CellDate.swift; sourceTree = "<group>"; };
		18BA4D8E2524690D00D3E357 /* CellDate.xib */ = {isa = PBXFileReference; fileEncoding = 4; lastKnownFileType = file.xib; path = CellDate.xib; sourceTree = "<group>"; };
		18BA4D8F2524690D00D3E357 /* CellCollectionViewCell.swift */ = {isa = PBXFileReference; fileEncoding = 4; lastKnownFileType = sourcecode.swift; path = CellCollectionViewCell.swift; sourceTree = "<group>"; };
		18D42D7325353F3800819EB4 /* HMSegmentedControl.h */ = {isa = PBXFileReference; fileEncoding = 4; lastKnownFileType = sourcecode.c.h; path = HMSegmentedControl.h; sourceTree = "<group>"; };
		18D42D7425353F3800819EB4 /* HMSegmentedControl.m */ = {isa = PBXFileReference; fileEncoding = 4; lastKnownFileType = sourcecode.c.objc; path = HMSegmentedControl.m; sourceTree = "<group>"; };
		18D42D7925355DF200819EB4 /* MenuViewController.swift */ = {isa = PBXFileReference; lastKnownFileType = sourcecode.swift; path = MenuViewController.swift; sourceTree = "<group>"; };
		18D42D7A25355DF200819EB4 /* MenuViewController.xib */ = {isa = PBXFileReference; lastKnownFileType = file.xib; path = MenuViewController.xib; sourceTree = "<group>"; };
		18D42D7F2535610D00819EB4 /* CellMenu.swift */ = {isa = PBXFileReference; lastKnownFileType = sourcecode.swift; path = CellMenu.swift; sourceTree = "<group>"; };
		18D42D802535610D00819EB4 /* CellMenu.xib */ = {isa = PBXFileReference; lastKnownFileType = file.xib; path = CellMenu.xib; sourceTree = "<group>"; };
		18D42D852535666F00819EB4 /* NotifiViewController.swift */ = {isa = PBXFileReference; lastKnownFileType = sourcecode.swift; path = NotifiViewController.swift; sourceTree = "<group>"; };
		18D42D862535666F00819EB4 /* NotifiViewController.xib */ = {isa = PBXFileReference; lastKnownFileType = file.xib; path = NotifiViewController.xib; sourceTree = "<group>"; };
		18D42D8B253569F600819EB4 /* ReportViewController.swift */ = {isa = PBXFileReference; lastKnownFileType = sourcecode.swift; path = ReportViewController.swift; sourceTree = "<group>"; };
		18D42D8C253569F600819EB4 /* ReportViewController.xib */ = {isa = PBXFileReference; lastKnownFileType = file.xib; path = ReportViewController.xib; sourceTree = "<group>"; };
		18D42D9125356C6100819EB4 /* CellReport.swift */ = {isa = PBXFileReference; lastKnownFileType = sourcecode.swift; path = CellReport.swift; sourceTree = "<group>"; };
		18D42D9225356C6100819EB4 /* CellReport.xib */ = {isa = PBXFileReference; lastKnownFileType = file.xib; path = CellReport.xib; sourceTree = "<group>"; };
		18EF12F8252D63750052C317 /* UIView+UpdateAutoLayoutConstraints.m */ = {isa = PBXFileReference; fileEncoding = 4; lastKnownFileType = sourcecode.c.objc; path = "UIView+UpdateAutoLayoutConstraints.m"; sourceTree = "<group>"; };
		18EF12F9252D63750052C317 /* UIView+UpdateAutoLayoutConstraints.h */ = {isa = PBXFileReference; fileEncoding = 4; lastKnownFileType = sourcecode.c.h; path = "UIView+UpdateAutoLayoutConstraints.h"; sourceTree = "<group>"; };
		18F0E9EB25219A960031DB29 /* CalendarApp.app */ = {isa = PBXFileReference; explicitFileType = wrapper.application; includeInIndex = 0; path = CalendarApp.app; sourceTree = BUILT_PRODUCTS_DIR; };
		18F0E9EE25219A960031DB29 /* AppDelegate.swift */ = {isa = PBXFileReference; lastKnownFileType = sourcecode.swift; path = AppDelegate.swift; sourceTree = "<group>"; };
		18F0E9F225219A960031DB29 /* ViewController.swift */ = {isa = PBXFileReference; lastKnownFileType = sourcecode.swift; path = ViewController.swift; sourceTree = "<group>"; };
		18F0E9F525219A960031DB29 /* Base */ = {isa = PBXFileReference; lastKnownFileType = file.storyboard; name = Base; path = Base.lproj/Main.storyboard; sourceTree = "<group>"; };
		18F0E9F725219A980031DB29 /* Assets.xcassets */ = {isa = PBXFileReference; lastKnownFileType = folder.assetcatalog; path = Assets.xcassets; sourceTree = "<group>"; };
		18F0E9FA25219A980031DB29 /* Base */ = {isa = PBXFileReference; lastKnownFileType = file.storyboard; name = Base; path = Base.lproj/LaunchScreen.storyboard; sourceTree = "<group>"; };
		18F0E9FC25219A980031DB29 /* Info.plist */ = {isa = PBXFileReference; lastKnownFileType = text.plist.xml; path = Info.plist; sourceTree = "<group>"; };
		18F0EA0D25219C5C0031DB29 /* ExtensionCalendar.swift */ = {isa = PBXFileReference; fileEncoding = 4; lastKnownFileType = sourcecode.swift; path = ExtensionCalendar.swift; sourceTree = "<group>"; };
		18F0EA0E25219C5C0031DB29 /* GetData.swift */ = {isa = PBXFileReference; fileEncoding = 4; lastKnownFileType = sourcecode.swift; path = GetData.swift; sourceTree = "<group>"; };
		18F0EA0F25219C5C0031DB29 /* ExtensionDate.swift */ = {isa = PBXFileReference; fileEncoding = 4; lastKnownFileType = sourcecode.swift; path = ExtensionDate.swift; sourceTree = "<group>"; };
		18F0EA1025219C5C0031DB29 /* Utils.swift */ = {isa = PBXFileReference; fileEncoding = 4; lastKnownFileType = sourcecode.swift; path = Utils.swift; sourceTree = "<group>"; };
		18F0EA1125219C5C0031DB29 /* Struct.swift */ = {isa = PBXFileReference; fileEncoding = 4; lastKnownFileType = sourcecode.swift; path = Struct.swift; sourceTree = "<group>"; };
		18F0EA1A25219CD30031DB29 /* DateExtensions.swift */ = {isa = PBXFileReference; fileEncoding = 4; lastKnownFileType = sourcecode.swift; path = DateExtensions.swift; sourceTree = "<group>"; };
		18F0EA1D25219D170031DB29 /* Event.json */ = {isa = PBXFileReference; fileEncoding = 4; lastKnownFileType = text.json; path = Event.json; sourceTree = "<group>"; };
		18F0EA1E25219D170031DB29 /* Bridging-Header.h */ = {isa = PBXFileReference; fileEncoding = 4; lastKnownFileType = sourcecode.c.h; path = "Bridging-Header.h"; sourceTree = "<group>"; };
		9B088676253714C6005D0390 /* SetNotifiView.xib */ = {isa = PBXFileReference; lastKnownFileType = file.xib; path = SetNotifiView.xib; sourceTree = "<group>"; };
		9B088678253715AF005D0390 /* SetNotifiView.swift */ = {isa = PBXFileReference; lastKnownFileType = sourcecode.swift; path = SetNotifiView.swift; sourceTree = "<group>"; };
		9B08867A25371657005D0390 /* SetSecurityView.swift */ = {isa = PBXFileReference; lastKnownFileType = sourcecode.swift; path = SetSecurityView.swift; sourceTree = "<group>"; };
		9B08867C25371662005D0390 /* SetSecurityView.xib */ = {isa = PBXFileReference; lastKnownFileType = file.xib; path = SetSecurityView.xib; sourceTree = "<group>"; };
		9B6A3D60252E1EB7005A3367 /* EventCell1.swift */ = {isa = PBXFileReference; lastKnownFileType = sourcecode.swift; path = EventCell1.swift; sourceTree = "<group>"; };
		9B6A3D61252E1EB7005A3367 /* EventCell1.xib */ = {isa = PBXFileReference; lastKnownFileType = file.xib; path = EventCell1.xib; sourceTree = "<group>"; };
		9B6A3D64252E2008005A3367 /* EventCell2.swift */ = {isa = PBXFileReference; lastKnownFileType = sourcecode.swift; path = EventCell2.swift; sourceTree = "<group>"; };
		9B6A3D65252E2008005A3367 /* EventCell2.xib */ = {isa = PBXFileReference; lastKnownFileType = file.xib; path = EventCell2.xib; sourceTree = "<group>"; };
		9B6A3D68252E2062005A3367 /* EventCell3.swift */ = {isa = PBXFileReference; lastKnownFileType = sourcecode.swift; path = EventCell3.swift; sourceTree = "<group>"; };
		9B6A3D69252E2062005A3367 /* EventCell3.xib */ = {isa = PBXFileReference; lastKnownFileType = file.xib; path = EventCell3.xib; sourceTree = "<group>"; };
		9B90CEDC2536DC93003AED04 /* AppViewController.swift */ = {isa = PBXFileReference; lastKnownFileType = sourcecode.swift; path = AppViewController.swift; sourceTree = "<group>"; };
		9B90CEDD2536DC93003AED04 /* AppViewController.xib */ = {isa = PBXFileReference; lastKnownFileType = file.xib; path = AppViewController.xib; sourceTree = "<group>"; };
		9B90CEE12536DF71003AED04 /* CellApp.swift */ = {isa = PBXFileReference; lastKnownFileType = sourcecode.swift; path = CellApp.swift; sourceTree = "<group>"; };
		9B90CEE22536DF71003AED04 /* CellApp.xib */ = {isa = PBXFileReference; lastKnownFileType = file.xib; path = CellApp.xib; sourceTree = "<group>"; };
		9B90CEE62536EC27003AED04 /* SettingViewController.swift */ = {isa = PBXFileReference; lastKnownFileType = sourcecode.swift; path = SettingViewController.swift; sourceTree = "<group>"; };
		9B90CEE72536EC27003AED04 /* SettingViewController.xib */ = {isa = PBXFileReference; lastKnownFileType = file.xib; path = SettingViewController.xib; sourceTree = "<group>"; };
		9B90CEEC2536ED07003AED04 /* CellSetting1.swift */ = {isa = PBXFileReference; lastKnownFileType = sourcecode.swift; path = CellSetting1.swift; sourceTree = "<group>"; };
		9B90CEED2536ED07003AED04 /* CellSetting1.xib */ = {isa = PBXFileReference; lastKnownFileType = file.xib; path = CellSetting1.xib; sourceTree = "<group>"; };
		9B90CEF02536ED15003AED04 /* CellSetting2.swift */ = {isa = PBXFileReference; lastKnownFileType = sourcecode.swift; path = CellSetting2.swift; sourceTree = "<group>"; };
		9B90CEF12536ED15003AED04 /* CellSetting2.xib */ = {isa = PBXFileReference; lastKnownFileType = file.xib; path = CellSetting2.xib; sourceTree = "<group>"; };
		9B90CEF42536ED73003AED04 /* CellSetting3.swift */ = {isa = PBXFileReference; lastKnownFileType = sourcecode.swift; path = CellSetting3.swift; sourceTree = "<group>"; };
		9B90CEF52536ED73003AED04 /* CellSetting3.xib */ = {isa = PBXFileReference; lastKnownFileType = file.xib; path = CellSetting3.xib; sourceTree = "<group>"; };
		9B90CEF82536ED7E003AED04 /* CellSetting4.swift */ = {isa = PBXFileReference; lastKnownFileType = sourcecode.swift; path = CellSetting4.swift; sourceTree = "<group>"; };
		9B90CEF92536ED7E003AED04 /* CellSetting4.xib */ = {isa = PBXFileReference; lastKnownFileType = file.xib; path = CellSetting4.xib; sourceTree = "<group>"; };
		9B90CEFD2536FA3F003AED04 /* ProfileView.swift */ = {isa = PBXFileReference; lastKnownFileType = sourcecode.swift; path = ProfileView.swift; sourceTree = "<group>"; };
		9B90CEFF2536FA48003AED04 /* ProfileView.xib */ = {isa = PBXFileReference; lastKnownFileType = file.xib; path = ProfileView.xib; sourceTree = "<group>"; };
		9B90CF022536FDC2003AED04 /* ProfileCell.swift */ = {isa = PBXFileReference; lastKnownFileType = sourcecode.swift; path = ProfileCell.swift; sourceTree = "<group>"; };
		9B90CF032536FDC2003AED04 /* ProfileCell.xib */ = {isa = PBXFileReference; lastKnownFileType = file.xib; path = ProfileCell.xib; sourceTree = "<group>"; };
		9B90CF0725370D5B003AED04 /* SetCalendarView.swift */ = {isa = PBXFileReference; lastKnownFileType = sourcecode.swift; path = SetCalendarView.swift; sourceTree = "<group>"; };
		9B90CF0925370D64003AED04 /* SetCalendarView.xib */ = {isa = PBXFileReference; lastKnownFileType = file.xib; path = SetCalendarView.xib; sourceTree = "<group>"; };
/* End PBXFileReference section */

/* Begin PBXFrameworksBuildPhase section */
		18F0E9E825219A960031DB29 /* Frameworks */ = {
			isa = PBXFrameworksBuildPhase;
			buildActionMask = 2147483647;
			files = (
			);
			runOnlyForDeploymentPostprocessing = 0;
		};
/* End PBXFrameworksBuildPhase section */

/* Begin PBXGroup section */
		182A406D2530485C0045CB28 /* TableCell */ = {
			isa = PBXGroup;
			children = (
				182A406E253048740045CB28 /* MonthTBCell.swift */,
				182A406F253048740045CB28 /* MonthTBCell.xib */,
			);
			path = TableCell;
			sourceTree = "<group>";
		};
		182A407325304CED0045CB28 /* Event */ = {
			isa = PBXGroup;
			children = (
				18A5B3A32530504F008E8126 /* EventMonth.swift */,
				18A5B3A025305042008E8126 /* EventMonth.xib */,
			);
			path = Event;
			sourceTree = "<group>";
		};
		182A81E2252C165A0011D7E9 /* ViewMonth */ = {
			isa = PBXGroup;
			children = (
				182A407325304CED0045CB28 /* Event */,
				182A81E8252C17280011D7E9 /* CellMonth */,
				182A81E4252C165A0011D7E9 /* DetailMonth.swift */,
				182A81E3252C165A0011D7E9 /* DetailMonth.xib */,
			);
			path = ViewMonth;
			sourceTree = "<group>";
		};
		182A81E8252C17280011D7E9 /* CellMonth */ = {
			isa = PBXGroup;
			children = (
				182A81E9252C17280011D7E9 /* CellDetailMonth.swift */,
				182A81EA252C17280011D7E9 /* CellDetailMonth.xib */,
			);
			path = CellMonth;
			sourceTree = "<group>";
		};
		1854687325358C580093AAA1 /* Report */ = {
			isa = PBXGroup;
			children = (
				1854687B253590E70093AAA1 /* ListReport */,
			);
			path = Report;
			sourceTree = "<group>";
		};
		1854687B253590E70093AAA1 /* ListReport */ = {
			isa = PBXGroup;
			children = (
				1854687425358C750093AAA1 /* ListReportView.swift */,
				1854687825358C7E0093AAA1 /* ListReportView.xib */,
			);
			path = ListReport;
			sourceTree = "<group>";
		};
		185468832535959A0093AAA1 /* ListReport */ = {
			isa = PBXGroup;
			children = (
				18546884253595BA0093AAA1 /* ListReportViewController.swift */,
				18546885253595BA0093AAA1 /* ListReportViewController.xib */,
			);
			path = ListReport;
			sourceTree = "<group>";
		};
		1854688B2535A4750093AAA1 /* Notification */ = {
			isa = PBXGroup;
			children = (
				1854688C2535A4810093AAA1 /* Table */,
			);
			path = Notification;
			sourceTree = "<group>";
		};
		1854688C2535A4810093AAA1 /* Table */ = {
			isa = PBXGroup;
			children = (
				185468932535AD5F0093AAA1 /* DetailNotifi */,
				1854688D2535A49A0093AAA1 /* ListNotifiCell.swift */,
				1854688E2535A49A0093AAA1 /* ListNotifiCell.xib */,
			);
			path = Table;
			sourceTree = "<group>";
		};
		185468932535AD5F0093AAA1 /* DetailNotifi */ = {
			isa = PBXGroup;
			children = (
				185468942535AD870093AAA1 /* CellDetailNotifi1.swift */,
				185468952535AD870093AAA1 /* CellDetailNotifi1.xib */,
				185468992535AD930093AAA1 /* CellDetailNotifi2.swift */,
				1854689A2535AD930093AAA1 /* CellDetailNotifi2.xib */,
				1854689E2535ADA00093AAA1 /* CellDetailNotifi3.swift */,
				1854689F2535ADA00093AAA1 /* CellDetailNotifi3.xib */,
			);
			path = DetailNotifi;
			sourceTree = "<group>";
		};
		1860CC42252AB7D5006DD73F /* Calendar */ = {
			isa = PBXGroup;
			children = (
				1860CC43252AB7E5006DD73F /* CalendarVC.swift */,
				1860CC44252AB7E5006DD73F /* CalendarVC.xib */,
			);
			path = Calendar;
			sourceTree = "<group>";
		};
		1860CC49252ACFA7006DD73F /* Month */ = {
			isa = PBXGroup;
			children = (
				182A406D2530485C0045CB28 /* TableCell */,
				1860CC4A252ACFAD006DD73F /* CollectionCell */,
			);
			path = Month;
			sourceTree = "<group>";
		};
		1860CC4A252ACFAD006DD73F /* CollectionCell */ = {
			isa = PBXGroup;
			children = (
				1860CC4B252ACFCC006DD73F /* DayCell.swift */,
				1860CC4C252ACFCC006DD73F /* DayCell.xib */,
			);
			path = CollectionCell;
			sourceTree = "<group>";
		};
		1860CC52252ADB92006DD73F /* Library */ = {
			isa = PBXGroup;
			children = (
				18D42D7225353F3800819EB4 /* HMSegmentedControl */,
				18EF12F7252D63140052C317 /* UIView+UpdateAutoLayoutConstraints.h */,
				1860CC53252ADB92006DD73F /* KLCPopup */,
			);
			path = Library;
			sourceTree = "<group>";
		};
		1860CC53252ADB92006DD73F /* KLCPopup */ = {
			isa = PBXGroup;
			children = (
				1860CC54252ADB92006DD73F /* KLCPopup.h */,
				1860CC55252ADB92006DD73F /* KLCPopup.m */,
			);
			path = KLCPopup;
			sourceTree = "<group>";
		};
		1860CC58252ADB9B006DD73F /* View */ = {
			isa = PBXGroup;
			children = (
				18B4B618253855F400739BC8 /* Home */,
				9B90CEFC2536F9F9003AED04 /* Setting */,
				1854687325358C580093AAA1 /* Report */,
				182A81E2252C165A0011D7E9 /* ViewMonth */,
			);
			path = View;
			sourceTree = "<group>";
		};
		188DA869252EB469008A63C0 /* DetailEventCell */ = {
			isa = PBXGroup;
			children = (
				188DA86A252EB4AA008A63C0 /* PersonCell.swift */,
				188DA86B252EB4AA008A63C0 /* PersonCell.xib */,
			);
			path = DetailEventCell;
			sourceTree = "<group>";
		};
		18AE1C1E252B2A8C0059EC18 /* Table */ = {
			isa = PBXGroup;
			children = (
				9B6A3D5D252E1E52005A3367 /* DetailEventCell */,
				18AE1C1F252B2AAE0059EC18 /* DayTableViewCell.swift */,
				18AE1C20252B2AAE0059EC18 /* DayTableViewCell.xib */,
				18B0D974252DB2EA009608FD /* DocumentCell.swift */,
				18B0D975252DB2EA009608FD /* DocumentCell.xib */,
			);
			path = Table;
			sourceTree = "<group>";
		};
		18B4B5F925382EB600739BC8 /* Home */ = {
			isa = PBXGroup;
			children = (
				18B4B5FA25382ED100739BC8 /* HomeVC.swift */,
				18B4B5FB25382ED100739BC8 /* HomeVC.xib */,
			);
			path = Home;
			sourceTree = "<group>";
		};
		18B4B5FF25383A3E00739BC8 /* Home */ = {
			isa = PBXGroup;
			children = (
				18B4B611253854A900739BC8 /* Collection */,
				18B4B60025383A4500739BC8 /* TableCell */,
			);
			path = Home;
			sourceTree = "<group>";
		};
		18B4B60025383A4500739BC8 /* TableCell */ = {
			isa = PBXGroup;
			children = (
				18B4B60125383A7900739BC8 /* HomeTbCell1.swift */,
				18B4B60225383A7900739BC8 /* HomeTbCell1.xib */,
				18B4B60725383D6800739BC8 /* HomeCell1.swift */,
				18B4B60825383D6800739BC8 /* HomeCell1.xib */,
				18B4B60C25383F0400739BC8 /* HomeCell2.swift */,
				18B4B60D25383F0400739BC8 /* HomeCell2.xib */,
			);
			path = TableCell;
			sourceTree = "<group>";
		};
		18B4B611253854A900739BC8 /* Collection */ = {
			isa = PBXGroup;
			children = (
				18B4B612253854C900739BC8 /* HomeCollectionCell.swift */,
				18B4B613253854C900739BC8 /* HomeCollectionCell.xib */,
			);
			path = Collection;
			sourceTree = "<group>";
		};
		18B4B618253855F400739BC8 /* Home */ = {
			isa = PBXGroup;
			children = (
				18B4B6192538560E00739BC8 /* HomeView1.swift */,
				18B4B61D2538561800739BC8 /* HomeView1.xib */,
				18B4B6232538563700739BC8 /* HomeView2.swift */,
				18B4B6202538562900739BC8 /* HomeView2.xib */,
				18B4B6272538564400739BC8 /* HomeView3.swift */,
				18B4B62D2538565A00739BC8 /* HomeView3.xib */,
				18B4B62A2538564F00739BC8 /* HomeView4.swift */,
				18B4B6302538566B00739BC8 /* HomeView4.xib */,
			);
			path = Home;
			sourceTree = "<group>";
		};
		18BA4D6625245FD700D3E357 /* Calen */ = {
			isa = PBXGroup;
			children = (
				18BA4D6825245FD700D3E357 /* HomeViewController.swift */,
				18BA4D6725245FD700D3E357 /* HomeViewController.xib */,
			);
			path = Calen;
			sourceTree = "<group>";
		};
		18BA4D6D2524600C00D3E357 /* Month */ = {
			isa = PBXGroup;
			children = (
				18BA4D6E2524602C00D3E357 /* MonthViewController.swift */,
				18BA4D6F2524602C00D3E357 /* MonthViewController.xib */,
			);
			path = Month;
			sourceTree = "<group>";
		};
		18BA4D81252468D900D3E357 /* Day */ = {
			isa = PBXGroup;
			children = (
				18BA4D83252468D900D3E357 /* DayViewController.swift */,
				18BA4D82252468D900D3E357 /* DayViewController.xib */,
			);
			path = Day;
			sourceTree = "<group>";
		};
		18BA4D892524690D00D3E357 /* Cell */ = {
			isa = PBXGroup;
			children = (
				18B4B5FF25383A3E00739BC8 /* Home */,
				9B90CEEA2536ECDA003AED04 /* Setting */,
				9B90CEE02536DF54003AED04 /* Application */,
				1854688B2535A4750093AAA1 /* Notification */,
				18D42D9025356C4200819EB4 /* Report */,
				18D42D7E253560EF00819EB4 /* Menu */,
				1860CC49252ACFA7006DD73F /* Month */,
				18BA4D8A2524690D00D3E357 /* Day */,
			);
			path = Cell;
			sourceTree = "<group>";
		};
		18BA4D8A2524690D00D3E357 /* Day */ = {
			isa = PBXGroup;
			children = (
				18AE1C1E252B2A8C0059EC18 /* Table */,
				18BA4D8B2524690D00D3E357 /* CollectionCell */,
			);
			path = Day;
			sourceTree = "<group>";
		};
		18BA4D8B2524690D00D3E357 /* CollectionCell */ = {
			isa = PBXGroup;
			children = (
				188DA869252EB469008A63C0 /* DetailEventCell */,
				18BA4D8F2524690D00D3E357 /* CellCollectionViewCell.swift */,
				18BA4D8C2524690D00D3E357 /* CellCollectionViewCell.xib */,
				18BA4D8D2524690D00D3E357 /* CellDate.swift */,
				18BA4D8E2524690D00D3E357 /* CellDate.xib */,
			);
			path = CollectionCell;
			sourceTree = "<group>";
		};
		18D42D6325353C9A00819EB4 /* Menu */ = {
			isa = PBXGroup;
			children = (
				18D42D7925355DF200819EB4 /* MenuViewController.swift */,
				18D42D7A25355DF200819EB4 /* MenuViewController.xib */,
			);
			path = Menu;
			sourceTree = "<group>";
		};
		18D42D7225353F3800819EB4 /* HMSegmentedControl */ = {
			isa = PBXGroup;
			children = (
				18D42D7325353F3800819EB4 /* HMSegmentedControl.h */,
				18D42D7425353F3800819EB4 /* HMSegmentedControl.m */,
			);
			path = HMSegmentedControl;
			sourceTree = "<group>";
		};
		18D42D7E253560EF00819EB4 /* Menu */ = {
			isa = PBXGroup;
			children = (
				18D42D7F2535610D00819EB4 /* CellMenu.swift */,
				18D42D802535610D00819EB4 /* CellMenu.xib */,
			);
			path = Menu;
			sourceTree = "<group>";
		};
		18D42D842535665300819EB4 /* NotiFi */ = {
			isa = PBXGroup;
			children = (
				18D42D852535666F00819EB4 /* NotifiViewController.swift */,
				18D42D862535666F00819EB4 /* NotifiViewController.xib */,
			);
			path = NotiFi;
			sourceTree = "<group>";
		};
		18D42D8A253569E000819EB4 /* Report */ = {
			isa = PBXGroup;
			children = (
				185468832535959A0093AAA1 /* ListReport */,
				18D42D8B253569F600819EB4 /* ReportViewController.swift */,
				18D42D8C253569F600819EB4 /* ReportViewController.xib */,
			);
			path = Report;
			sourceTree = "<group>";
		};
		18D42D9025356C4200819EB4 /* Report */ = {
			isa = PBXGroup;
			children = (
				18D42D9125356C6100819EB4 /* CellReport.swift */,
				18D42D9225356C6100819EB4 /* CellReport.xib */,
			);
			path = Report;
			sourceTree = "<group>";
		};
		18EF12F7252D63140052C317 /* UIView+UpdateAutoLayoutConstraints.h */ = {
			isa = PBXGroup;
			children = (
				18EF12F9252D63750052C317 /* UIView+UpdateAutoLayoutConstraints.h */,
				18EF12F8252D63750052C317 /* UIView+UpdateAutoLayoutConstraints.m */,
			);
			path = "UIView+UpdateAutoLayoutConstraints.h";
			sourceTree = "<group>";
		};
		18F0E9E225219A960031DB29 = {
			isa = PBXGroup;
			children = (
				18F0E9ED25219A960031DB29 /* CalendarApp */,
				18F0E9EC25219A960031DB29 /* Products */,
			);
			sourceTree = "<group>";
		};
		18F0E9EC25219A960031DB29 /* Products */ = {
			isa = PBXGroup;
			children = (
				18F0E9EB25219A960031DB29 /* CalendarApp.app */,
			);
			name = Products;
			sourceTree = "<group>";
		};
		18F0E9ED25219A960031DB29 /* CalendarApp */ = {
			isa = PBXGroup;
			children = (
				18F0EA1E25219D170031DB29 /* Bridging-Header.h */,
				18F0E9EE25219A960031DB29 /* AppDelegate.swift */,
				1860CC52252ADB92006DD73F /* Library */,
				18F0EA2325219D680031DB29 /* Class */,
				18F0EA0C25219C5C0031DB29 /* Utils */,
				18F0EA1825219CD30031DB29 /* CommonLib */,
				18F0EA1D25219D170031DB29 /* Event.json */,
				18F0E9F225219A960031DB29 /* ViewController.swift */,
				18F0E9F425219A960031DB29 /* Main.storyboard */,
				18F0E9F725219A980031DB29 /* Assets.xcassets */,
				18F0E9F925219A980031DB29 /* LaunchScreen.storyboard */,
				18F0E9FC25219A980031DB29 /* Info.plist */,
			);
			path = CalendarApp;
			sourceTree = "<group>";
		};
		18F0EA0425219AC10031DB29 /* ViewController */ = {
			isa = PBXGroup;
			children = (
				18B4B5F925382EB600739BC8 /* Home */,
				9B90CEE52536EC13003AED04 /* Setting */,
				9B90CEDB2536DC71003AED04 /* Application */,
				18D42D8A253569E000819EB4 /* Report */,
				18D42D842535665300819EB4 /* NotiFi */,
				18D42D6325353C9A00819EB4 /* Menu */,
				1860CC42252AB7D5006DD73F /* Calendar */,
				18BA4D81252468D900D3E357 /* Day */,
				18BA4D6D2524600C00D3E357 /* Month */,
				18BA4D6625245FD700D3E357 /* Calen */,
			);
			path = ViewController;
			sourceTree = "<group>";
		};
		18F0EA0C25219C5C0031DB29 /* Utils */ = {
			isa = PBXGroup;
			children = (
				18F0EA0D25219C5C0031DB29 /* ExtensionCalendar.swift */,
				18F0EA0E25219C5C0031DB29 /* GetData.swift */,
				18F0EA0F25219C5C0031DB29 /* ExtensionDate.swift */,
				18F0EA1025219C5C0031DB29 /* Utils.swift */,
				18F0EA1125219C5C0031DB29 /* Struct.swift */,
				187D75602522DDBA00A940EA /* EventKit.swift */,
			);
			path = Utils;
			sourceTree = "<group>";
		};
		18F0EA1825219CD30031DB29 /* CommonLib */ = {
			isa = PBXGroup;
			children = (
				18F0EA1925219CD30031DB29 /* Extensions */,
			);
			path = CommonLib;
			sourceTree = "<group>";
		};
		18F0EA1925219CD30031DB29 /* Extensions */ = {
			isa = PBXGroup;
			children = (
				18F0EA1A25219CD30031DB29 /* DateExtensions.swift */,
			);
			path = Extensions;
			sourceTree = "<group>";
		};
		18F0EA2325219D680031DB29 /* Class */ = {
			isa = PBXGroup;
			children = (
				1860CC58252ADB9B006DD73F /* View */,
				18F0EA0425219AC10031DB29 /* ViewController */,
				18BA4D892524690D00D3E357 /* Cell */,
			);
			path = Class;
			sourceTree = "<group>";
		};
		9B6A3D5D252E1E52005A3367 /* DetailEventCell */ = {
			isa = PBXGroup;
			children = (
				9B6A3D60252E1EB7005A3367 /* EventCell1.swift */,
				9B6A3D61252E1EB7005A3367 /* EventCell1.xib */,
				9B6A3D64252E2008005A3367 /* EventCell2.swift */,
				9B6A3D65252E2008005A3367 /* EventCell2.xib */,
				9B6A3D68252E2062005A3367 /* EventCell3.swift */,
				9B6A3D69252E2062005A3367 /* EventCell3.xib */,
			);
			path = DetailEventCell;
			sourceTree = "<group>";
		};
		9B90CEDB2536DC71003AED04 /* Application */ = {
			isa = PBXGroup;
			children = (
				9B90CEDC2536DC93003AED04 /* AppViewController.swift */,
				9B90CEDD2536DC93003AED04 /* AppViewController.xib */,
			);
			path = Application;
			sourceTree = "<group>";
		};
		9B90CEE02536DF54003AED04 /* Application */ = {
			isa = PBXGroup;
			children = (
				9B90CEE12536DF71003AED04 /* CellApp.swift */,
				9B90CEE22536DF71003AED04 /* CellApp.xib */,
			);
			path = Application;
			sourceTree = "<group>";
		};
		9B90CEE52536EC13003AED04 /* Setting */ = {
			isa = PBXGroup;
			children = (
				9B90CEE62536EC27003AED04 /* SettingViewController.swift */,
				9B90CEE72536EC27003AED04 /* SettingViewController.xib */,
			);
			path = Setting;
			sourceTree = "<group>";
		};
		9B90CEEA2536ECDA003AED04 /* Setting */ = {
			isa = PBXGroup;
			children = (
				9B90CF012536FD6D003AED04 /* ProfileCell */,
				9B90CEEB2536ECE3003AED04 /* TableCell */,
			);
			path = Setting;
			sourceTree = "<group>";
		};
		9B90CEEB2536ECE3003AED04 /* TableCell */ = {
			isa = PBXGroup;
			children = (
				9B90CEEC2536ED07003AED04 /* CellSetting1.swift */,
				9B90CEED2536ED07003AED04 /* CellSetting1.xib */,
				9B90CEF02536ED15003AED04 /* CellSetting2.swift */,
				9B90CEF12536ED15003AED04 /* CellSetting2.xib */,
				9B90CEF42536ED73003AED04 /* CellSetting3.swift */,
				9B90CEF52536ED73003AED04 /* CellSetting3.xib */,
				9B90CEF82536ED7E003AED04 /* CellSetting4.swift */,
				9B90CEF92536ED7E003AED04 /* CellSetting4.xib */,
			);
			path = TableCell;
			sourceTree = "<group>";
		};
		9B90CEFC2536F9F9003AED04 /* Setting */ = {
			isa = PBXGroup;
			children = (
				9B90CEFD2536FA3F003AED04 /* ProfileView.swift */,
				9B90CEFF2536FA48003AED04 /* ProfileView.xib */,
				9B90CF0725370D5B003AED04 /* SetCalendarView.swift */,
				9B90CF0925370D64003AED04 /* SetCalendarView.xib */,
				9B088678253715AF005D0390 /* SetNotifiView.swift */,
				9B088676253714C6005D0390 /* SetNotifiView.xib */,
				9B08867A25371657005D0390 /* SetSecurityView.swift */,
				9B08867C25371662005D0390 /* SetSecurityView.xib */,
			);
			path = Setting;
			sourceTree = "<group>";
		};
		9B90CF012536FD6D003AED04 /* ProfileCell */ = {
			isa = PBXGroup;
			children = (
				9B90CF022536FDC2003AED04 /* ProfileCell.swift */,
				9B90CF032536FDC2003AED04 /* ProfileCell.xib */,
			);
			path = ProfileCell;
			sourceTree = "<group>";
		};
/* End PBXGroup section */

/* Begin PBXNativeTarget section */
		18F0E9EA25219A960031DB29 /* CalendarApp */ = {
			isa = PBXNativeTarget;
			buildConfigurationList = 18F0E9FF25219A980031DB29 /* Build configuration list for PBXNativeTarget "CalendarApp" */;
			buildPhases = (
				18F0E9E725219A960031DB29 /* Sources */,
				18F0E9E825219A960031DB29 /* Frameworks */,
				18F0E9E925219A960031DB29 /* Resources */,
			);
			buildRules = (
			);
			dependencies = (
			);
			name = CalendarApp;
			productName = CalendarApp;
			productReference = 18F0E9EB25219A960031DB29 /* CalendarApp.app */;
			productType = "com.apple.product-type.application";
		};
/* End PBXNativeTarget section */

/* Begin PBXProject section */
		18F0E9E325219A960031DB29 /* Project object */ = {
			isa = PBXProject;
			attributes = {
				LastSwiftUpdateCheck = 1200;
				LastUpgradeCheck = 1200;
				TargetAttributes = {
					18F0E9EA25219A960031DB29 = {
						CreatedOnToolsVersion = 12.0;
					};
				};
			};
			buildConfigurationList = 18F0E9E625219A960031DB29 /* Build configuration list for PBXProject "CalendarApp" */;
			compatibilityVersion = "Xcode 9.3";
			developmentRegion = en;
			hasScannedForEncodings = 0;
			knownRegions = (
				en,
				Base,
			);
			mainGroup = 18F0E9E225219A960031DB29;
			productRefGroup = 18F0E9EC25219A960031DB29 /* Products */;
			projectDirPath = "";
			projectRoot = "";
			targets = (
				18F0E9EA25219A960031DB29 /* CalendarApp */,
			);
		};
/* End PBXProject section */

/* Begin PBXResourcesBuildPhase section */
		18F0E9E925219A960031DB29 /* Resources */ = {
			isa = PBXResourcesBuildPhase;
			buildActionMask = 2147483647;
			files = (
				18B4B60425383A7900739BC8 /* HomeTbCell1.xib in Resources */,
				9B088677253714C6005D0390 /* SetNotifiView.xib in Resources */,
				18B0D977252DB2EA009608FD /* DocumentCell.xib in Resources */,
				9B90CEDF2536DC93003AED04 /* AppViewController.xib in Resources */,
				182A81EC252C17280011D7E9 /* CellDetailMonth.xib in Resources */,
				9B90CF0A25370D64003AED04 /* SetCalendarView.xib in Resources */,
				18F0E9FB25219A980031DB29 /* LaunchScreen.storyboard in Resources */,
				185468972535AD870093AAA1 /* CellDetailNotifi1.xib in Resources */,
				9B90CEE42536DF71003AED04 /* CellApp.xib in Resources */,
				18BA4D84252468D900D3E357 /* DayViewController.xib in Resources */,
				182A4071253048740045CB28 /* MonthTBCell.xib in Resources */,
				18D42D822535610D00819EB4 /* CellMenu.xib in Resources */,
				18B4B6312538566B00739BC8 /* HomeView4.xib in Resources */,
				18BA4D902524690D00D3E357 /* CellCollectionViewCell.xib in Resources */,
				18A5B3A125305042008E8126 /* EventMonth.xib in Resources */,
				18D42D7C25355DF200819EB4 /* MenuViewController.xib in Resources */,
				18B4B60A25383D6800739BC8 /* HomeCell1.xib in Resources */,
				18B4B6212538562900739BC8 /* HomeView2.xib in Resources */,
				18D42D882535666F00819EB4 /* NotifiViewController.xib in Resources */,
				18546887253595BA0093AAA1 /* ListReportViewController.xib in Resources */,
				18BA4D922524690D00D3E357 /* CellDate.xib in Resources */,
				9B90CEF32536ED15003AED04 /* CellSetting2.xib in Resources */,
				18D42D9425356C6100819EB4 /* CellReport.xib in Resources */,
				9B08867D25371662005D0390 /* SetSecurityView.xib in Resources */,
				9B6A3D67252E2008005A3367 /* EventCell2.xib in Resources */,
				18F0E9F825219A980031DB29 /* Assets.xcassets in Resources */,
				18B4B62E2538565A00739BC8 /* HomeView3.xib in Resources */,
				18B4B5FD25382ED100739BC8 /* HomeVC.xib in Resources */,
				18B4B60F25383F0400739BC8 /* HomeCell2.xib in Resources */,
				18AE1C22252B2AAE0059EC18 /* DayTableViewCell.xib in Resources */,
				18F0E9F625219A960031DB29 /* Main.storyboard in Resources */,
				18D42D8E253569F600819EB4 /* ReportViewController.xib in Resources */,
				9B90CEFB2536ED7E003AED04 /* CellSetting4.xib in Resources */,
				9B90CEF72536ED73003AED04 /* CellSetting3.xib in Resources */,
				18B4B61E2538561800739BC8 /* HomeView1.xib in Resources */,
				9B90CEE92536EC27003AED04 /* SettingViewController.xib in Resources */,
				9B90CF052536FDC2003AED04 /* ProfileCell.xib in Resources */,
				1854687925358C7E0093AAA1 /* ListReportView.xib in Resources */,
				182A81E5252C165A0011D7E9 /* DetailMonth.xib in Resources */,
				185468A12535ADA00093AAA1 /* CellDetailNotifi3.xib in Resources */,
				185468902535A49A0093AAA1 /* ListNotifiCell.xib in Resources */,
				9B6A3D63252E1EB7005A3367 /* EventCell1.xib in Resources */,
				1860CC46252AB7E5006DD73F /* CalendarVC.xib in Resources */,
				9B90CEEF2536ED07003AED04 /* CellSetting1.xib in Resources */,
				18F0EA1F25219D170031DB29 /* Event.json in Resources */,
				9B6A3D6B252E2062005A3367 /* EventCell3.xib in Resources */,
				18BA4D712524602C00D3E357 /* MonthViewController.xib in Resources */,
				1860CC4E252ACFCC006DD73F /* DayCell.xib in Resources */,
				9B90CF002536FA48003AED04 /* ProfileView.xib in Resources */,
				18B4B615253854C900739BC8 /* HomeCollectionCell.xib in Resources */,
				1854689C2535AD930093AAA1 /* CellDetailNotifi2.xib in Resources */,
				188DA86D252EB4AA008A63C0 /* PersonCell.xib in Resources */,
				18BA4D6925245FD700D3E357 /* HomeViewController.xib in Resources */,
			);
			runOnlyForDeploymentPostprocessing = 0;
		};
/* End PBXResourcesBuildPhase section */

/* Begin PBXSourcesBuildPhase section */
		18F0E9E725219A960031DB29 /* Sources */ = {
			isa = PBXSourcesBuildPhase;
			buildActionMask = 2147483647;
			files = (
				182A4070253048740045CB28 /* MonthTBCell.swift in Sources */,
				18D42D9325356C6100819EB4 /* CellReport.swift in Sources */,
				18D42D812535610D00819EB4 /* CellMenu.swift in Sources */,
				18D42D7B25355DF200819EB4 /* MenuViewController.swift in Sources */,
				187D75612522DDBA00A940EA /* EventKit.swift in Sources */,
				9B90CEE82536EC27003AED04 /* SettingViewController.swift in Sources */,
				9B90CF042536FDC2003AED04 /* ProfileCell.swift in Sources */,
				9B08867B25371657005D0390 /* SetSecurityView.swift in Sources */,
				18B4B60325383A7900739BC8 /* HomeTbCell1.swift in Sources */,
				18BA4D912524690D00D3E357 /* CellDate.swift in Sources */,
				9B6A3D6A252E2062005A3367 /* EventCell3.swift in Sources */,
				9B90CEF62536ED73003AED04 /* CellSetting3.swift in Sources */,
				9B90CEE32536DF71003AED04 /* CellApp.swift in Sources */,
				18B4B60E25383F0400739BC8 /* HomeCell2.swift in Sources */,
				182A81EB252C17280011D7E9 /* CellDetailMonth.swift in Sources */,
				18B4B62B2538564F00739BC8 /* HomeView4.swift in Sources */,
				18F0E9F325219A960031DB29 /* ViewController.swift in Sources */,
				9B90CEDE2536DC93003AED04 /* AppViewController.swift in Sources */,
				18B0D976252DB2EA009608FD /* DocumentCell.swift in Sources */,
				1860CC56252ADB92006DD73F /* KLCPopup.m in Sources */,
				9B6A3D62252E1EB7005A3367 /* EventCell1.swift in Sources */,
				18D42D7525353F3800819EB4 /* HMSegmentedControl.m in Sources */,
				18BA4D6A25245FD700D3E357 /* HomeViewController.swift in Sources */,
				9B088679253715AF005D0390 /* SetNotifiView.swift in Sources */,
				182A81E6252C165A0011D7E9 /* DetailMonth.swift in Sources */,
				9B6A3D66252E2008005A3367 /* EventCell2.swift in Sources */,
				18B4B614253854C900739BC8 /* HomeCollectionCell.swift in Sources */,
				18B4B6242538563700739BC8 /* HomeView2.swift in Sources */,
				18F0EA1425219C5C0031DB29 /* ExtensionDate.swift in Sources */,
				188DA86C252EB4AA008A63C0 /* PersonCell.swift in Sources */,
				18A5B3A42530504F008E8126 /* EventMonth.swift in Sources */,
				18F0EA1225219C5C0031DB29 /* ExtensionCalendar.swift in Sources */,
				18B4B60925383D6800739BC8 /* HomeCell1.swift in Sources */,
				18F0EA1525219C5C0031DB29 /* Utils.swift in Sources */,
				18EF12FA252D63750052C317 /* UIView+UpdateAutoLayoutConstraints.m in Sources */,
				1860CC4D252ACFCC006DD73F /* DayCell.swift in Sources */,
				18F0EA1625219C5C0031DB29 /* Struct.swift in Sources */,
				18BA4D932524690D00D3E357 /* CellCollectionViewCell.swift in Sources */,
				9B90CEEE2536ED07003AED04 /* CellSetting1.swift in Sources */,
				9B90CF0825370D5B003AED04 /* SetCalendarView.swift in Sources */,
				18F0EA1B25219CD30031DB29 /* DateExtensions.swift in Sources */,
				18F0EA1325219C5C0031DB29 /* GetData.swift in Sources */,
				1854688F2535A49A0093AAA1 /* ListNotifiCell.swift in Sources */,
				18D42D8D253569F600819EB4 /* ReportViewController.swift in Sources */,
				18F0E9EF25219A960031DB29 /* AppDelegate.swift in Sources */,
				18B4B61A2538560E00739BC8 /* HomeView1.swift in Sources */,
				18AE1C21252B2AAE0059EC18 /* DayTableViewCell.swift in Sources */,
				18BA4D85252468D900D3E357 /* DayViewController.swift in Sources */,
				1854687525358C750093AAA1 /* ListReportView.swift in Sources */,
				185468A02535ADA00093AAA1 /* CellDetailNotifi3.swift in Sources */,
				18B4B6282538564400739BC8 /* HomeView3.swift in Sources */,
				185468962535AD870093AAA1 /* CellDetailNotifi1.swift in Sources */,
				9B90CEFE2536FA3F003AED04 /* ProfileView.swift in Sources */,
				9B90CEFA2536ED7E003AED04 /* CellSetting4.swift in Sources */,
				18D42D872535666F00819EB4 /* NotifiViewController.swift in Sources */,
				1854689B2535AD930093AAA1 /* CellDetailNotifi2.swift in Sources */,
				1860CC45252AB7E5006DD73F /* CalendarVC.swift in Sources */,
				18546886253595BA0093AAA1 /* ListReportViewController.swift in Sources */,
				18B4B5FC25382ED100739BC8 /* HomeVC.swift in Sources */,
				9B90CEF22536ED15003AED04 /* CellSetting2.swift in Sources */,
				18BA4D702524602C00D3E357 /* MonthViewController.swift in Sources */,
			);
			runOnlyForDeploymentPostprocessing = 0;
		};
/* End PBXSourcesBuildPhase section */

/* Begin PBXVariantGroup section */
		18F0E9F425219A960031DB29 /* Main.storyboard */ = {
			isa = PBXVariantGroup;
			children = (
				18F0E9F525219A960031DB29 /* Base */,
			);
			name = Main.storyboard;
			sourceTree = "<group>";
		};
		18F0E9F925219A980031DB29 /* LaunchScreen.storyboard */ = {
			isa = PBXVariantGroup;
			children = (
				18F0E9FA25219A980031DB29 /* Base */,
			);
			name = LaunchScreen.storyboard;
			sourceTree = "<group>";
		};
/* End PBXVariantGroup section */

/* Begin XCBuildConfiguration section */
		18F0E9FD25219A980031DB29 /* Debug */ = {
			isa = XCBuildConfiguration;
			buildSettings = {
				ALWAYS_SEARCH_USER_PATHS = NO;
				CLANG_ANALYZER_NONNULL = YES;
				CLANG_ANALYZER_NUMBER_OBJECT_CONVERSION = YES_AGGRESSIVE;
				CLANG_CXX_LANGUAGE_STANDARD = "gnu++14";
				CLANG_CXX_LIBRARY = "libc++";
				CLANG_ENABLE_MODULES = YES;
				CLANG_ENABLE_OBJC_ARC = YES;
				CLANG_ENABLE_OBJC_WEAK = YES;
				CLANG_WARN_BLOCK_CAPTURE_AUTORELEASING = YES;
				CLANG_WARN_BOOL_CONVERSION = YES;
				CLANG_WARN_COMMA = YES;
				CLANG_WARN_CONSTANT_CONVERSION = YES;
				CLANG_WARN_DEPRECATED_OBJC_IMPLEMENTATIONS = YES;
				CLANG_WARN_DIRECT_OBJC_ISA_USAGE = YES_ERROR;
				CLANG_WARN_DOCUMENTATION_COMMENTS = YES;
				CLANG_WARN_EMPTY_BODY = YES;
				CLANG_WARN_ENUM_CONVERSION = YES;
				CLANG_WARN_INFINITE_RECURSION = YES;
				CLANG_WARN_INT_CONVERSION = YES;
				CLANG_WARN_NON_LITERAL_NULL_CONVERSION = YES;
				CLANG_WARN_OBJC_IMPLICIT_RETAIN_SELF = YES;
				CLANG_WARN_OBJC_LITERAL_CONVERSION = YES;
				CLANG_WARN_OBJC_ROOT_CLASS = YES_ERROR;
				CLANG_WARN_QUOTED_INCLUDE_IN_FRAMEWORK_HEADER = YES;
				CLANG_WARN_RANGE_LOOP_ANALYSIS = YES;
				CLANG_WARN_STRICT_PROTOTYPES = YES;
				CLANG_WARN_SUSPICIOUS_MOVE = YES;
				CLANG_WARN_UNGUARDED_AVAILABILITY = YES_AGGRESSIVE;
				CLANG_WARN_UNREACHABLE_CODE = YES;
				CLANG_WARN__DUPLICATE_METHOD_MATCH = YES;
				COPY_PHASE_STRIP = NO;
				DEBUG_INFORMATION_FORMAT = dwarf;
				ENABLE_STRICT_OBJC_MSGSEND = YES;
				ENABLE_TESTABILITY = YES;
				GCC_C_LANGUAGE_STANDARD = gnu11;
				GCC_DYNAMIC_NO_PIC = NO;
				GCC_NO_COMMON_BLOCKS = YES;
				GCC_OPTIMIZATION_LEVEL = 0;
				GCC_PREPROCESSOR_DEFINITIONS = (
					"DEBUG=1",
					"$(inherited)",
				);
				GCC_WARN_64_TO_32_BIT_CONVERSION = YES;
				GCC_WARN_ABOUT_RETURN_TYPE = YES_ERROR;
				GCC_WARN_UNDECLARED_SELECTOR = YES;
				GCC_WARN_UNINITIALIZED_AUTOS = YES_AGGRESSIVE;
				GCC_WARN_UNUSED_FUNCTION = YES;
				GCC_WARN_UNUSED_VARIABLE = YES;
				IPHONEOS_DEPLOYMENT_TARGET = 14.0;
				MTL_ENABLE_DEBUG_INFO = INCLUDE_SOURCE;
				MTL_FAST_MATH = YES;
				ONLY_ACTIVE_ARCH = YES;
				SDKROOT = iphoneos;
				SWIFT_ACTIVE_COMPILATION_CONDITIONS = DEBUG;
				SWIFT_OPTIMIZATION_LEVEL = "-Onone";
			};
			name = Debug;
		};
		18F0E9FE25219A980031DB29 /* Release */ = {
			isa = XCBuildConfiguration;
			buildSettings = {
				ALWAYS_SEARCH_USER_PATHS = NO;
				CLANG_ANALYZER_NONNULL = YES;
				CLANG_ANALYZER_NUMBER_OBJECT_CONVERSION = YES_AGGRESSIVE;
				CLANG_CXX_LANGUAGE_STANDARD = "gnu++14";
				CLANG_CXX_LIBRARY = "libc++";
				CLANG_ENABLE_MODULES = YES;
				CLANG_ENABLE_OBJC_ARC = YES;
				CLANG_ENABLE_OBJC_WEAK = YES;
				CLANG_WARN_BLOCK_CAPTURE_AUTORELEASING = YES;
				CLANG_WARN_BOOL_CONVERSION = YES;
				CLANG_WARN_COMMA = YES;
				CLANG_WARN_CONSTANT_CONVERSION = YES;
				CLANG_WARN_DEPRECATED_OBJC_IMPLEMENTATIONS = YES;
				CLANG_WARN_DIRECT_OBJC_ISA_USAGE = YES_ERROR;
				CLANG_WARN_DOCUMENTATION_COMMENTS = YES;
				CLANG_WARN_EMPTY_BODY = YES;
				CLANG_WARN_ENUM_CONVERSION = YES;
				CLANG_WARN_INFINITE_RECURSION = YES;
				CLANG_WARN_INT_CONVERSION = YES;
				CLANG_WARN_NON_LITERAL_NULL_CONVERSION = YES;
				CLANG_WARN_OBJC_IMPLICIT_RETAIN_SELF = YES;
				CLANG_WARN_OBJC_LITERAL_CONVERSION = YES;
				CLANG_WARN_OBJC_ROOT_CLASS = YES_ERROR;
				CLANG_WARN_QUOTED_INCLUDE_IN_FRAMEWORK_HEADER = YES;
				CLANG_WARN_RANGE_LOOP_ANALYSIS = YES;
				CLANG_WARN_STRICT_PROTOTYPES = YES;
				CLANG_WARN_SUSPICIOUS_MOVE = YES;
				CLANG_WARN_UNGUARDED_AVAILABILITY = YES_AGGRESSIVE;
				CLANG_WARN_UNREACHABLE_CODE = YES;
				CLANG_WARN__DUPLICATE_METHOD_MATCH = YES;
				COPY_PHASE_STRIP = NO;
				DEBUG_INFORMATION_FORMAT = "dwarf-with-dsym";
				ENABLE_NS_ASSERTIONS = NO;
				ENABLE_STRICT_OBJC_MSGSEND = YES;
				GCC_C_LANGUAGE_STANDARD = gnu11;
				GCC_NO_COMMON_BLOCKS = YES;
				GCC_WARN_64_TO_32_BIT_CONVERSION = YES;
				GCC_WARN_ABOUT_RETURN_TYPE = YES_ERROR;
				GCC_WARN_UNDECLARED_SELECTOR = YES;
				GCC_WARN_UNINITIALIZED_AUTOS = YES_AGGRESSIVE;
				GCC_WARN_UNUSED_FUNCTION = YES;
				GCC_WARN_UNUSED_VARIABLE = YES;
				IPHONEOS_DEPLOYMENT_TARGET = 14.0;
				MTL_ENABLE_DEBUG_INFO = NO;
				MTL_FAST_MATH = YES;
				SDKROOT = iphoneos;
				SWIFT_COMPILATION_MODE = wholemodule;
				SWIFT_OPTIMIZATION_LEVEL = "-O";
				VALIDATE_PRODUCT = YES;
			};
			name = Release;
		};
		18F0EA0025219A980031DB29 /* Debug */ = {
			isa = XCBuildConfiguration;
			buildSettings = {
				ASSETCATALOG_COMPILER_APPICON_NAME = AppIcon;
				ASSETCATALOG_COMPILER_GLOBAL_ACCENT_COLOR_NAME = AccentColor;
				CODE_SIGN_STYLE = Automatic;
				DEVELOPMENT_TEAM = 4ZWDDAY44Z;
				INFOPLIST_FILE = CalendarApp/Info.plist;
				IPHONEOS_DEPLOYMENT_TARGET = 10.0;
				LD_RUNPATH_SEARCH_PATHS = (
					"$(inherited)",
					"@executable_path/Frameworks",
				);
				PRODUCT_BUNDLE_IDENTIFIER = demo.abc.CalendarApp;
				PRODUCT_NAME = "$(TARGET_NAME)";
				SWIFT_OBJC_BRIDGING_HEADER = "/Users/apple/Desktop/ULife/Training_Calendar/CalendarApp/Bridging-Header.h";
				SWIFT_VERSION = 5.0;
				TARGETED_DEVICE_FAMILY = "1,2";
			};
			name = Debug;
		};
		18F0EA0125219A980031DB29 /* Release */ = {
			isa = XCBuildConfiguration;
			buildSettings = {
				ASSETCATALOG_COMPILER_APPICON_NAME = AppIcon;
				ASSETCATALOG_COMPILER_GLOBAL_ACCENT_COLOR_NAME = AccentColor;
				CODE_SIGN_STYLE = Automatic;
				DEVELOPMENT_TEAM = 4ZWDDAY44Z;
				INFOPLIST_FILE = CalendarApp/Info.plist;
				IPHONEOS_DEPLOYMENT_TARGET = 10.0;
				LD_RUNPATH_SEARCH_PATHS = (
					"$(inherited)",
					"@executable_path/Frameworks",
				);
				PRODUCT_BUNDLE_IDENTIFIER = demo.abc.CalendarApp;
				PRODUCT_NAME = "$(TARGET_NAME)";
				SWIFT_OBJC_BRIDGING_HEADER = "/Users/apple/Desktop/ULife/Training_Calendar/CalendarApp/Bridging-Header.h";
				SWIFT_VERSION = 5.0;
				TARGETED_DEVICE_FAMILY = "1,2";
			};
			name = Release;
		};
/* End XCBuildConfiguration section */

/* Begin XCConfigurationList section */
		18F0E9E625219A960031DB29 /* Build configuration list for PBXProject "CalendarApp" */ = {
			isa = XCConfigurationList;
			buildConfigurations = (
				18F0E9FD25219A980031DB29 /* Debug */,
				18F0E9FE25219A980031DB29 /* Release */,
			);
			defaultConfigurationIsVisible = 0;
			defaultConfigurationName = Release;
		};
		18F0E9FF25219A980031DB29 /* Build configuration list for PBXNativeTarget "CalendarApp" */ = {
			isa = XCConfigurationList;
			buildConfigurations = (
				18F0EA0025219A980031DB29 /* Debug */,
				18F0EA0125219A980031DB29 /* Release */,
			);
			defaultConfigurationIsVisible = 0;
			defaultConfigurationName = Release;
		};
/* End XCConfigurationList section */
	};
	rootObject = 18F0E9E325219A960031DB29 /* Project object */;
}
