// !$*UTF8*$!
{
	archiveVersion = 1;
	classes = {
	};
	objectVersion = 50;
	objects = {

/* Begin PBXBuildFile section */
		182A81E5252C165A0011D7E9 /* DetailMonth.xib in Resources */ = {isa = PBXBuildFile; fileRef = 182A81E3252C165A0011D7E9 /* DetailMonth.xib */; };
		182A81E6252C165A0011D7E9 /* DetailMonth.swift in Sources */ = {isa = PBXBuildFile; fileRef = 182A81E4252C165A0011D7E9 /* DetailMonth.swift */; };
		182A81EB252C17280011D7E9 /* CellDetailMonth.swift in Sources */ = {isa = PBXBuildFile; fileRef = 182A81E9252C17280011D7E9 /* CellDetailMonth.swift */; };
		182A81EC252C17280011D7E9 /* CellDetailMonth.xib in Resources */ = {isa = PBXBuildFile; fileRef = 182A81EA252C17280011D7E9 /* CellDetailMonth.xib */; };
		1860CC45252AB7E5006DD73F /* CalendarVC.swift in Sources */ = {isa = PBXBuildFile; fileRef = 1860CC43252AB7E5006DD73F /* CalendarVC.swift */; };
		1860CC46252AB7E5006DD73F /* CalendarVC.xib in Resources */ = {isa = PBXBuildFile; fileRef = 1860CC44252AB7E5006DD73F /* CalendarVC.xib */; };
		1860CC4D252ACFCC006DD73F /* DayCell.swift in Sources */ = {isa = PBXBuildFile; fileRef = 1860CC4B252ACFCC006DD73F /* DayCell.swift */; };
		1860CC4E252ACFCC006DD73F /* DayCell.xib in Resources */ = {isa = PBXBuildFile; fileRef = 1860CC4C252ACFCC006DD73F /* DayCell.xib */; };
		1860CC56252ADB92006DD73F /* KLCPopup.m in Sources */ = {isa = PBXBuildFile; fileRef = 1860CC55252ADB92006DD73F /* KLCPopup.m */; };
		187D75612522DDBA00A940EA /* EventKit.swift in Sources */ = {isa = PBXBuildFile; fileRef = 187D75602522DDBA00A940EA /* EventKit.swift */; };
		18AE1C21252B2AAE0059EC18 /* DayTableViewCell.swift in Sources */ = {isa = PBXBuildFile; fileRef = 18AE1C1F252B2AAE0059EC18 /* DayTableViewCell.swift */; };
		18AE1C22252B2AAE0059EC18 /* DayTableViewCell.xib in Resources */ = {isa = PBXBuildFile; fileRef = 18AE1C20252B2AAE0059EC18 /* DayTableViewCell.xib */; };
		18B0D970252DA568009608FD /* PerssionView.swift in Sources */ = {isa = PBXBuildFile; fileRef = 18B0D96E252DA568009608FD /* PerssionView.swift */; };
		18B0D971252DA568009608FD /* PerssionView.xib in Resources */ = {isa = PBXBuildFile; fileRef = 18B0D96F252DA568009608FD /* PerssionView.xib */; };
		18B0D976252DB2EA009608FD /* DocumentCell.swift in Sources */ = {isa = PBXBuildFile; fileRef = 18B0D974252DB2EA009608FD /* DocumentCell.swift */; };
		18B0D977252DB2EA009608FD /* DocumentCell.xib in Resources */ = {isa = PBXBuildFile; fileRef = 18B0D975252DB2EA009608FD /* DocumentCell.xib */; };
		18BA4D6925245FD700D3E357 /* HomeViewController.xib in Resources */ = {isa = PBXBuildFile; fileRef = 18BA4D6725245FD700D3E357 /* HomeViewController.xib */; };
		18BA4D6A25245FD700D3E357 /* HomeViewController.swift in Sources */ = {isa = PBXBuildFile; fileRef = 18BA4D6825245FD700D3E357 /* HomeViewController.swift */; };
		18BA4D702524602C00D3E357 /* MonthViewController.swift in Sources */ = {isa = PBXBuildFile; fileRef = 18BA4D6E2524602C00D3E357 /* MonthViewController.swift */; };
		18BA4D712524602C00D3E357 /* MonthViewController.xib in Resources */ = {isa = PBXBuildFile; fileRef = 18BA4D6F2524602C00D3E357 /* MonthViewController.xib */; };
		18BA4D84252468D900D3E357 /* DayViewController.xib in Resources */ = {isa = PBXBuildFile; fileRef = 18BA4D82252468D900D3E357 /* DayViewController.xib */; };
		18BA4D85252468D900D3E357 /* DayViewController.swift in Sources */ = {isa = PBXBuildFile; fileRef = 18BA4D83252468D900D3E357 /* DayViewController.swift */; };
		18BA4D902524690D00D3E357 /* CellCollectionViewCell.xib in Resources */ = {isa = PBXBuildFile; fileRef = 18BA4D8C2524690D00D3E357 /* CellCollectionViewCell.xib */; };
		18BA4D912524690D00D3E357 /* CellDate.swift in Sources */ = {isa = PBXBuildFile; fileRef = 18BA4D8D2524690D00D3E357 /* CellDate.swift */; };
		18BA4D922524690D00D3E357 /* CellDate.xib in Resources */ = {isa = PBXBuildFile; fileRef = 18BA4D8E2524690D00D3E357 /* CellDate.xib */; };
		18BA4D932524690D00D3E357 /* CellCollectionViewCell.swift in Sources */ = {isa = PBXBuildFile; fileRef = 18BA4D8F2524690D00D3E357 /* CellCollectionViewCell.swift */; };
		18EF12FA252D63750052C317 /* UIView+UpdateAutoLayoutConstraints.m in Sources */ = {isa = PBXBuildFile; fileRef = 18EF12F8252D63750052C317 /* UIView+UpdateAutoLayoutConstraints.m */; };
		18F0E9EF25219A960031DB29 /* AppDelegate.swift in Sources */ = {isa = PBXBuildFile; fileRef = 18F0E9EE25219A960031DB29 /* AppDelegate.swift */; };
		18F0E9F325219A960031DB29 /* ViewController.swift in Sources */ = {isa = PBXBuildFile; fileRef = 18F0E9F225219A960031DB29 /* ViewController.swift */; };
		18F0E9F625219A960031DB29 /* Main.storyboard in Resources */ = {isa = PBXBuildFile; fileRef = 18F0E9F425219A960031DB29 /* Main.storyboard */; };
		18F0E9F825219A980031DB29 /* Assets.xcassets in Resources */ = {isa = PBXBuildFile; fileRef = 18F0E9F725219A980031DB29 /* Assets.xcassets */; };
		18F0E9FB25219A980031DB29 /* LaunchScreen.storyboard in Resources */ = {isa = PBXBuildFile; fileRef = 18F0E9F925219A980031DB29 /* LaunchScreen.storyboard */; };
		18F0EA1225219C5C0031DB29 /* ExtensionCalendar.swift in Sources */ = {isa = PBXBuildFile; fileRef = 18F0EA0D25219C5C0031DB29 /* ExtensionCalendar.swift */; };
		18F0EA1325219C5C0031DB29 /* GetData.swift in Sources */ = {isa = PBXBuildFile; fileRef = 18F0EA0E25219C5C0031DB29 /* GetData.swift */; };
		18F0EA1425219C5C0031DB29 /* ExtensionDate.swift in Sources */ = {isa = PBXBuildFile; fileRef = 18F0EA0F25219C5C0031DB29 /* ExtensionDate.swift */; };
		18F0EA1525219C5C0031DB29 /* Utils.swift in Sources */ = {isa = PBXBuildFile; fileRef = 18F0EA1025219C5C0031DB29 /* Utils.swift */; };
		18F0EA1625219C5C0031DB29 /* Struct.swift in Sources */ = {isa = PBXBuildFile; fileRef = 18F0EA1125219C5C0031DB29 /* Struct.swift */; };
		18F0EA1B25219CD30031DB29 /* DateExtensions.swift in Sources */ = {isa = PBXBuildFile; fileRef = 18F0EA1A25219CD30031DB29 /* DateExtensions.swift */; };
		18F0EA1F25219D170031DB29 /* Event.json in Resources */ = {isa = PBXBuildFile; fileRef = 18F0EA1D25219D170031DB29 /* Event.json */; };
/* End PBXBuildFile section */

/* Begin PBXFileReference section */
		182A81E3252C165A0011D7E9 /* DetailMonth.xib */ = {isa = PBXFileReference; fileEncoding = 4; lastKnownFileType = file.xib; path = DetailMonth.xib; sourceTree = "<group>"; };
		182A81E4252C165A0011D7E9 /* DetailMonth.swift */ = {isa = PBXFileReference; fileEncoding = 4; lastKnownFileType = sourcecode.swift; path = DetailMonth.swift; sourceTree = "<group>"; };
		182A81E9252C17280011D7E9 /* CellDetailMonth.swift */ = {isa = PBXFileReference; fileEncoding = 4; lastKnownFileType = sourcecode.swift; path = CellDetailMonth.swift; sourceTree = "<group>"; };
		182A81EA252C17280011D7E9 /* CellDetailMonth.xib */ = {isa = PBXFileReference; fileEncoding = 4; lastKnownFileType = file.xib; path = CellDetailMonth.xib; sourceTree = "<group>"; };
		1860CC43252AB7E5006DD73F /* CalendarVC.swift */ = {isa = PBXFileReference; lastKnownFileType = sourcecode.swift; path = CalendarVC.swift; sourceTree = "<group>"; };
		1860CC44252AB7E5006DD73F /* CalendarVC.xib */ = {isa = PBXFileReference; lastKnownFileType = file.xib; path = CalendarVC.xib; sourceTree = "<group>"; };
		1860CC4B252ACFCC006DD73F /* DayCell.swift */ = {isa = PBXFileReference; lastKnownFileType = sourcecode.swift; path = DayCell.swift; sourceTree = "<group>"; };
		1860CC4C252ACFCC006DD73F /* DayCell.xib */ = {isa = PBXFileReference; lastKnownFileType = file.xib; path = DayCell.xib; sourceTree = "<group>"; };
		1860CC54252ADB92006DD73F /* KLCPopup.h */ = {isa = PBXFileReference; fileEncoding = 4; lastKnownFileType = sourcecode.c.h; path = KLCPopup.h; sourceTree = "<group>"; };
		1860CC55252ADB92006DD73F /* KLCPopup.m */ = {isa = PBXFileReference; fileEncoding = 4; lastKnownFileType = sourcecode.c.objc; path = KLCPopup.m; sourceTree = "<group>"; };
		187D75602522DDBA00A940EA /* EventKit.swift */ = {isa = PBXFileReference; lastKnownFileType = sourcecode.swift; path = EventKit.swift; sourceTree = "<group>"; };
		18AE1C1F252B2AAE0059EC18 /* DayTableViewCell.swift */ = {isa = PBXFileReference; lastKnownFileType = sourcecode.swift; path = DayTableViewCell.swift; sourceTree = "<group>"; };
		18AE1C20252B2AAE0059EC18 /* DayTableViewCell.xib */ = {isa = PBXFileReference; lastKnownFileType = file.xib; path = DayTableViewCell.xib; sourceTree = "<group>"; };
		18B0D96E252DA568009608FD /* PerssionView.swift */ = {isa = PBXFileReference; lastKnownFileType = sourcecode.swift; path = PerssionView.swift; sourceTree = "<group>"; };
		18B0D96F252DA568009608FD /* PerssionView.xib */ = {isa = PBXFileReference; lastKnownFileType = file.xib; path = PerssionView.xib; sourceTree = "<group>"; };
		18B0D974252DB2EA009608FD /* DocumentCell.swift */ = {isa = PBXFileReference; lastKnownFileType = sourcecode.swift; path = DocumentCell.swift; sourceTree = "<group>"; };
		18B0D975252DB2EA009608FD /* DocumentCell.xib */ = {isa = PBXFileReference; lastKnownFileType = file.xib; path = DocumentCell.xib; sourceTree = "<group>"; };
		18BA4D6725245FD700D3E357 /* HomeViewController.xib */ = {isa = PBXFileReference; fileEncoding = 4; lastKnownFileType = file.xib; path = HomeViewController.xib; sourceTree = "<group>"; };
		18BA4D6825245FD700D3E357 /* HomeViewController.swift */ = {isa = PBXFileReference; fileEncoding = 4; lastKnownFileType = sourcecode.swift; path = HomeViewController.swift; sourceTree = "<group>"; };
		18BA4D6E2524602C00D3E357 /* MonthViewController.swift */ = {isa = PBXFileReference; lastKnownFileType = sourcecode.swift; path = MonthViewController.swift; sourceTree = "<group>"; };
		18BA4D6F2524602C00D3E357 /* MonthViewController.xib */ = {isa = PBXFileReference; lastKnownFileType = file.xib; path = MonthViewController.xib; sourceTree = "<group>"; };
		18BA4D82252468D900D3E357 /* DayViewController.xib */ = {isa = PBXFileReference; fileEncoding = 4; lastKnownFileType = file.xib; path = DayViewController.xib; sourceTree = "<group>"; };
		18BA4D83252468D900D3E357 /* DayViewController.swift */ = {isa = PBXFileReference; fileEncoding = 4; lastKnownFileType = sourcecode.swift; path = DayViewController.swift; sourceTree = "<group>"; };
		18BA4D8C2524690D00D3E357 /* CellCollectionViewCell.xib */ = {isa = PBXFileReference; fileEncoding = 4; lastKnownFileType = file.xib; path = CellCollectionViewCell.xib; sourceTree = "<group>"; };
		18BA4D8D2524690D00D3E357 /* CellDate.swift */ = {isa = PBXFileReference; fileEncoding = 4; lastKnownFileType = sourcecode.swift; path = CellDate.swift; sourceTree = "<group>"; };
		18BA4D8E2524690D00D3E357 /* CellDate.xib */ = {isa = PBXFileReference; fileEncoding = 4; lastKnownFileType = file.xib; path = CellDate.xib; sourceTree = "<group>"; };
		18BA4D8F2524690D00D3E357 /* CellCollectionViewCell.swift */ = {isa = PBXFileReference; fileEncoding = 4; lastKnownFileType = sourcecode.swift; path = CellCollectionViewCell.swift; sourceTree = "<group>"; };
		18EF12F8252D63750052C317 /* UIView+UpdateAutoLayoutConstraints.m */ = {isa = PBXFileReference; fileEncoding = 4; lastKnownFileType = sourcecode.c.objc; path = "UIView+UpdateAutoLayoutConstraints.m"; sourceTree = "<group>"; };
		18EF12F9252D63750052C317 /* UIView+UpdateAutoLayoutConstraints.h */ = {isa = PBXFileReference; fileEncoding = 4; lastKnownFileType = sourcecode.c.h; path = "UIView+UpdateAutoLayoutConstraints.h"; sourceTree = "<group>"; };
		18F0E9EB25219A960031DB29 /* CalendarApp.app */ = {isa = PBXFileReference; explicitFileType = wrapper.application; includeInIndex = 0; path = CalendarApp.app; sourceTree = BUILT_PRODUCTS_DIR; };
		18F0E9EE25219A960031DB29 /* AppDelegate.swift */ = {isa = PBXFileReference; lastKnownFileType = sourcecode.swift; path = AppDelegate.swift; sourceTree = "<group>"; };
		18F0E9F225219A960031DB29 /* ViewController.swift */ = {isa = PBXFileReference; lastKnownFileType = sourcecode.swift; path = ViewController.swift; sourceTree = "<group>"; };
		18F0E9F525219A960031DB29 /* Base */ = {isa = PBXFileReference; lastKnownFileType = file.storyboard; name = Base; path = Base.lproj/Main.storyboard; sourceTree = "<group>"; };
		18F0E9F725219A980031DB29 /* Assets.xcassets */ = {isa = PBXFileReference; lastKnownFileType = folder.assetcatalog; path = Assets.xcassets; sourceTree = "<group>"; };
		18F0E9FA25219A980031DB29 /* Base */ = {isa = PBXFileReference; lastKnownFileType = file.storyboard; name = Base; path = Base.lproj/LaunchScreen.storyboard; sourceTree = "<group>"; };
		18F0E9FC25219A980031DB29 /* Info.plist */ = {isa = PBXFileReference; lastKnownFileType = text.plist.xml; path = Info.plist; sourceTree = "<group>"; };
		18F0EA0D25219C5C0031DB29 /* ExtensionCalendar.swift */ = {isa = PBXFileReference; fileEncoding = 4; lastKnownFileType = sourcecode.swift; path = ExtensionCalendar.swift; sourceTree = "<group>"; };
		18F0EA0E25219C5C0031DB29 /* GetData.swift */ = {isa = PBXFileReference; fileEncoding = 4; lastKnownFileType = sourcecode.swift; path = GetData.swift; sourceTree = "<group>"; };
		18F0EA0F25219C5C0031DB29 /* ExtensionDate.swift */ = {isa = PBXFileReference; fileEncoding = 4; lastKnownFileType = sourcecode.swift; path = ExtensionDate.swift; sourceTree = "<group>"; };
		18F0EA1025219C5C0031DB29 /* Utils.swift */ = {isa = PBXFileReference; fileEncoding = 4; lastKnownFileType = sourcecode.swift; path = Utils.swift; sourceTree = "<group>"; };
		18F0EA1125219C5C0031DB29 /* Struct.swift */ = {isa = PBXFileReference; fileEncoding = 4; lastKnownFileType = sourcecode.swift; path = Struct.swift; sourceTree = "<group>"; };
		18F0EA1A25219CD30031DB29 /* DateExtensions.swift */ = {isa = PBXFileReference; fileEncoding = 4; lastKnownFileType = sourcecode.swift; path = DateExtensions.swift; sourceTree = "<group>"; };
		18F0EA1D25219D170031DB29 /* Event.json */ = {isa = PBXFileReference; fileEncoding = 4; lastKnownFileType = text.json; path = Event.json; sourceTree = "<group>"; };
		18F0EA1E25219D170031DB29 /* Bridging-Header.h */ = {isa = PBXFileReference; fileEncoding = 4; lastKnownFileType = sourcecode.c.h; path = "Bridging-Header.h"; sourceTree = "<group>"; };
/* End PBXFileReference section */

/* Begin PBXFrameworksBuildPhase section */
		18F0E9E825219A960031DB29 /* Frameworks */ = {
			isa = PBXFrameworksBuildPhase;
			buildActionMask = 2147483647;
			files = (
			);
			runOnlyForDeploymentPostprocessing = 0;
		};
/* End PBXFrameworksBuildPhase section */

/* Begin PBXGroup section */
		182A81E2252C165A0011D7E9 /* ViewMonth */ = {
			isa = PBXGroup;
			children = (
				182A81E8252C17280011D7E9 /* CellMonth */,
				182A81E4252C165A0011D7E9 /* DetailMonth.swift */,
				182A81E3252C165A0011D7E9 /* DetailMonth.xib */,
			);
			path = ViewMonth;
			sourceTree = "<group>";
		};
		182A81E8252C17280011D7E9 /* CellMonth */ = {
			isa = PBXGroup;
			children = (
				182A81E9252C17280011D7E9 /* CellDetailMonth.swift */,
				182A81EA252C17280011D7E9 /* CellDetailMonth.xib */,
			);
			path = CellMonth;
			sourceTree = "<group>";
		};
		1860CC42252AB7D5006DD73F /* Calendar */ = {
			isa = PBXGroup;
			children = (
				1860CC43252AB7E5006DD73F /* CalendarVC.swift */,
				1860CC44252AB7E5006DD73F /* CalendarVC.xib */,
			);
			path = Calendar;
			sourceTree = "<group>";
		};
		1860CC49252ACFA7006DD73F /* Month */ = {
			isa = PBXGroup;
			children = (
				1860CC4A252ACFAD006DD73F /* CollectionCell */,
			);
			path = Month;
			sourceTree = "<group>";
		};
		1860CC4A252ACFAD006DD73F /* CollectionCell */ = {
			isa = PBXGroup;
			children = (
				1860CC4B252ACFCC006DD73F /* DayCell.swift */,
				1860CC4C252ACFCC006DD73F /* DayCell.xib */,
			);
			path = CollectionCell;
			sourceTree = "<group>";
		};
		1860CC52252ADB92006DD73F /* Library */ = {
			isa = PBXGroup;
			children = (
				18EF12F7252D63140052C317 /* UIView+UpdateAutoLayoutConstraints.h */,
				1860CC53252ADB92006DD73F /* KLCPopup */,
			);
			path = Library;
			sourceTree = "<group>";
		};
		1860CC53252ADB92006DD73F /* KLCPopup */ = {
			isa = PBXGroup;
			children = (
				1860CC54252ADB92006DD73F /* KLCPopup.h */,
				1860CC55252ADB92006DD73F /* KLCPopup.m */,
			);
			path = KLCPopup;
			sourceTree = "<group>";
		};
		1860CC58252ADB9B006DD73F /* View */ = {
			isa = PBXGroup;
			children = (
				18B0D964252DA0E0009608FD /* ViewDay */,
				182A81E2252C165A0011D7E9 /* ViewMonth */,
			);
			path = View;
			sourceTree = "<group>";
		};
		18AE1C1E252B2A8C0059EC18 /* Table */ = {
			isa = PBXGroup;
			children = (
				18AE1C1F252B2AAE0059EC18 /* DayTableViewCell.swift */,
				18AE1C20252B2AAE0059EC18 /* DayTableViewCell.xib */,
				18B0D974252DB2EA009608FD /* DocumentCell.swift */,
				18B0D975252DB2EA009608FD /* DocumentCell.xib */,
			);
			path = Table;
			sourceTree = "<group>";
		};
		18B0D964252DA0E0009608FD /* ViewDay */ = {
			isa = PBXGroup;
			children = (
				18B0D965252DA0E7009608FD /* Perssion */,
			);
			path = ViewDay;
			sourceTree = "<group>";
		};
		18B0D965252DA0E7009608FD /* Perssion */ = {
			isa = PBXGroup;
			children = (
				18B0D96E252DA568009608FD /* PerssionView.swift */,
				18B0D96F252DA568009608FD /* PerssionView.xib */,
			);
			path = Perssion;
			sourceTree = "<group>";
		};
		18BA4D6625245FD700D3E357 /* Home */ = {
			isa = PBXGroup;
			children = (
				18BA4D6825245FD700D3E357 /* HomeViewController.swift */,
				18BA4D6725245FD700D3E357 /* HomeViewController.xib */,
			);
			path = Home;
			sourceTree = "<group>";
		};
		18BA4D6D2524600C00D3E357 /* Month */ = {
			isa = PBXGroup;
			children = (
				18BA4D6E2524602C00D3E357 /* MonthViewController.swift */,
				18BA4D6F2524602C00D3E357 /* MonthViewController.xib */,
			);
			path = Month;
			sourceTree = "<group>";
		};
		18BA4D81252468D900D3E357 /* Day */ = {
			isa = PBXGroup;
			children = (
				18BA4D83252468D900D3E357 /* DayViewController.swift */,
				18BA4D82252468D900D3E357 /* DayViewController.xib */,
			);
			path = Day;
			sourceTree = "<group>";
		};
		18BA4D892524690D00D3E357 /* Cell */ = {
			isa = PBXGroup;
			children = (
				1860CC49252ACFA7006DD73F /* Month */,
				18BA4D8A2524690D00D3E357 /* Day */,
			);
			path = Cell;
			sourceTree = "<group>";
		};
		18BA4D8A2524690D00D3E357 /* Day */ = {
			isa = PBXGroup;
			children = (
				18AE1C1E252B2A8C0059EC18 /* Table */,
				18BA4D8B2524690D00D3E357 /* CollectionCell */,
			);
			path = Day;
			sourceTree = "<group>";
		};
		18BA4D8B2524690D00D3E357 /* CollectionCell */ = {
			isa = PBXGroup;
			children = (
				18BA4D8F2524690D00D3E357 /* CellCollectionViewCell.swift */,
				18BA4D8C2524690D00D3E357 /* CellCollectionViewCell.xib */,
				18BA4D8D2524690D00D3E357 /* CellDate.swift */,
				18BA4D8E2524690D00D3E357 /* CellDate.xib */,
			);
			path = CollectionCell;
			sourceTree = "<group>";
		};
		18EF12F7252D63140052C317 /* UIView+UpdateAutoLayoutConstraints.h */ = {
			isa = PBXGroup;
			children = (
				18EF12F9252D63750052C317 /* UIView+UpdateAutoLayoutConstraints.h */,
				18EF12F8252D63750052C317 /* UIView+UpdateAutoLayoutConstraints.m */,
			);
			path = "UIView+UpdateAutoLayoutConstraints.h";
			sourceTree = "<group>";
		};
		18F0E9E225219A960031DB29 = {
			isa = PBXGroup;
			children = (
				18F0E9ED25219A960031DB29 /* CalendarApp */,
				18F0E9EC25219A960031DB29 /* Products */,
			);
			sourceTree = "<group>";
		};
		18F0E9EC25219A960031DB29 /* Products */ = {
			isa = PBXGroup;
			children = (
				18F0E9EB25219A960031DB29 /* CalendarApp.app */,
			);
			name = Products;
			sourceTree = "<group>";
		};
		18F0E9ED25219A960031DB29 /* CalendarApp */ = {
			isa = PBXGroup;
			children = (
				18F0EA1E25219D170031DB29 /* Bridging-Header.h */,
				18F0E9EE25219A960031DB29 /* AppDelegate.swift */,
				1860CC52252ADB92006DD73F /* Library */,
				18F0EA2325219D680031DB29 /* Class */,
				18F0EA0C25219C5C0031DB29 /* Utils */,
				18F0EA1825219CD30031DB29 /* CommonLib */,
				18F0EA1D25219D170031DB29 /* Event.json */,
				18F0E9F225219A960031DB29 /* ViewController.swift */,
				18F0E9F425219A960031DB29 /* Main.storyboard */,
				18F0E9F725219A980031DB29 /* Assets.xcassets */,
				18F0E9F925219A980031DB29 /* LaunchScreen.storyboard */,
				18F0E9FC25219A980031DB29 /* Info.plist */,
			);
			path = CalendarApp;
			sourceTree = "<group>";
		};
		18F0EA0425219AC10031DB29 /* ViewController */ = {
			isa = PBXGroup;
			children = (
				1860CC42252AB7D5006DD73F /* Calendar */,
				18BA4D81252468D900D3E357 /* Day */,
				18BA4D6D2524600C00D3E357 /* Month */,
				18BA4D6625245FD700D3E357 /* Home */,
			);
			path = ViewController;
			sourceTree = "<group>";
		};
		18F0EA0C25219C5C0031DB29 /* Utils */ = {
			isa = PBXGroup;
			children = (
				18F0EA0D25219C5C0031DB29 /* ExtensionCalendar.swift */,
				18F0EA0E25219C5C0031DB29 /* GetData.swift */,
				18F0EA0F25219C5C0031DB29 /* ExtensionDate.swift */,
				18F0EA1025219C5C0031DB29 /* Utils.swift */,
				18F0EA1125219C5C0031DB29 /* Struct.swift */,
				187D75602522DDBA00A940EA /* EventKit.swift */,
			);
			path = Utils;
			sourceTree = "<group>";
		};
		18F0EA1825219CD30031DB29 /* CommonLib */ = {
			isa = PBXGroup;
			children = (
				18F0EA1925219CD30031DB29 /* Extensions */,
			);
			path = CommonLib;
			sourceTree = "<group>";
		};
		18F0EA1925219CD30031DB29 /* Extensions */ = {
			isa = PBXGroup;
			children = (
				18F0EA1A25219CD30031DB29 /* DateExtensions.swift */,
			);
			path = Extensions;
			sourceTree = "<group>";
		};
		18F0EA2325219D680031DB29 /* Class */ = {
			isa = PBXGroup;
			children = (
				1860CC58252ADB9B006DD73F /* View */,
				18F0EA0425219AC10031DB29 /* ViewController */,
				18BA4D892524690D00D3E357 /* Cell */,
			);
			path = Class;
			sourceTree = "<group>";
		};
/* End PBXGroup section */

/* Begin PBXNativeTarget section */
		18F0E9EA25219A960031DB29 /* CalendarApp */ = {
			isa = PBXNativeTarget;
			buildConfigurationList = 18F0E9FF25219A980031DB29 /* Build configuration list for PBXNativeTarget "CalendarApp" */;
			buildPhases = (
				18F0E9E725219A960031DB29 /* Sources */,
				18F0E9E825219A960031DB29 /* Frameworks */,
				18F0E9E925219A960031DB29 /* Resources */,
			);
			buildRules = (
			);
			dependencies = (
			);
			name = CalendarApp;
			productName = CalendarApp;
			productReference = 18F0E9EB25219A960031DB29 /* CalendarApp.app */;
			productType = "com.apple.product-type.application";
		};
/* End PBXNativeTarget section */

/* Begin PBXProject section */
		18F0E9E325219A960031DB29 /* Project object */ = {
			isa = PBXProject;
			attributes = {
				LastSwiftUpdateCheck = 1200;
				LastUpgradeCheck = 1200;
				TargetAttributes = {
					18F0E9EA25219A960031DB29 = {
						CreatedOnToolsVersion = 12.0;
					};
				};
			};
			buildConfigurationList = 18F0E9E625219A960031DB29 /* Build configuration list for PBXProject "CalendarApp" */;
			compatibilityVersion = "Xcode 9.3";
			developmentRegion = en;
			hasScannedForEncodings = 0;
			knownRegions = (
				en,
				Base,
			);
			mainGroup = 18F0E9E225219A960031DB29;
			productRefGroup = 18F0E9EC25219A960031DB29 /* Products */;
			projectDirPath = "";
			projectRoot = "";
			targets = (
				18F0E9EA25219A960031DB29 /* CalendarApp */,
			);
		};
/* End PBXProject section */

/* Begin PBXResourcesBuildPhase section */
		18F0E9E925219A960031DB29 /* Resources */ = {
			isa = PBXResourcesBuildPhase;
			buildActionMask = 2147483647;
			files = (
				18B0D977252DB2EA009608FD /* DocumentCell.xib in Resources */,
				182A81EC252C17280011D7E9 /* CellDetailMonth.xib in Resources */,
				18F0E9FB25219A980031DB29 /* LaunchScreen.storyboard in Resources */,
				18BA4D84252468D900D3E357 /* DayViewController.xib in Resources */,
				18BA4D902524690D00D3E357 /* CellCollectionViewCell.xib in Resources */,
				18BA4D922524690D00D3E357 /* CellDate.xib in Resources */,
				18F0E9F825219A980031DB29 /* Assets.xcassets in Resources */,
				18AE1C22252B2AAE0059EC18 /* DayTableViewCell.xib in Resources */,
				18F0E9F625219A960031DB29 /* Main.storyboard in Resources */,
				182A81E5252C165A0011D7E9 /* DetailMonth.xib in Resources */,
				1860CC46252AB7E5006DD73F /* CalendarVC.xib in Resources */,
				18F0EA1F25219D170031DB29 /* Event.json in Resources */,
				18BA4D712524602C00D3E357 /* MonthViewController.xib in Resources */,
				1860CC4E252ACFCC006DD73F /* DayCell.xib in Resources */,
				18BA4D6925245FD700D3E357 /* HomeViewController.xib in Resources */,
				18B0D971252DA568009608FD /* PerssionView.xib in Resources */,
			);
			runOnlyForDeploymentPostprocessing = 0;
		};
/* End PBXResourcesBuildPhase section */

/* Begin PBXSourcesBuildPhase section */
		18F0E9E725219A960031DB29 /* Sources */ = {
			isa = PBXSourcesBuildPhase;
			buildActionMask = 2147483647;
			files = (
				187D75612522DDBA00A940EA /* EventKit.swift in Sources */,
				18BA4D912524690D00D3E357 /* CellDate.swift in Sources */,
				182A81EB252C17280011D7E9 /* CellDetailMonth.swift in Sources */,
				18F0E9F325219A960031DB29 /* ViewController.swift in Sources */,
				18B0D976252DB2EA009608FD /* DocumentCell.swift in Sources */,
				1860CC56252ADB92006DD73F /* KLCPopup.m in Sources */,
				18BA4D6A25245FD700D3E357 /* HomeViewController.swift in Sources */,
				182A81E6252C165A0011D7E9 /* DetailMonth.swift in Sources */,
				18F0EA1425219C5C0031DB29 /* ExtensionDate.swift in Sources */,
				18F0EA1225219C5C0031DB29 /* ExtensionCalendar.swift in Sources */,
				18F0EA1525219C5C0031DB29 /* Utils.swift in Sources */,
				18B0D970252DA568009608FD /* PerssionView.swift in Sources */,
				18EF12FA252D63750052C317 /* UIView+UpdateAutoLayoutConstraints.m in Sources */,
				1860CC4D252ACFCC006DD73F /* DayCell.swift in Sources */,
				18F0EA1625219C5C0031DB29 /* Struct.swift in Sources */,
				18BA4D932524690D00D3E357 /* CellCollectionViewCell.swift in Sources */,
				18F0EA1B25219CD30031DB29 /* DateExtensions.swift in Sources */,
				18F0EA1325219C5C0031DB29 /* GetData.swift in Sources */,
				18F0E9EF25219A960031DB29 /* AppDelegate.swift in Sources */,
				18AE1C21252B2AAE0059EC18 /* DayTableViewCell.swift in Sources */,
				18BA4D85252468D900D3E357 /* DayViewController.swift in Sources */,
				1860CC45252AB7E5006DD73F /* CalendarVC.swift in Sources */,
				18BA4D702524602C00D3E357 /* MonthViewController.swift in Sources */,
			);
			runOnlyForDeploymentPostprocessing = 0;
		};
/* End PBXSourcesBuildPhase section */

/* Begin PBXVariantGroup section */
		18F0E9F425219A960031DB29 /* Main.storyboard */ = {
			isa = PBXVariantGroup;
			children = (
				18F0E9F525219A960031DB29 /* Base */,
			);
			name = Main.storyboard;
			sourceTree = "<group>";
		};
		18F0E9F925219A980031DB29 /* LaunchScreen.storyboard */ = {
			isa = PBXVariantGroup;
			children = (
				18F0E9FA25219A980031DB29 /* Base */,
			);
			name = LaunchScreen.storyboard;
			sourceTree = "<group>";
		};
/* End PBXVariantGroup section */

/* Begin XCBuildConfiguration section */
		18F0E9FD25219A980031DB29 /* Debug */ = {
			isa = XCBuildConfiguration;
			buildSettings = {
				ALWAYS_SEARCH_USER_PATHS = NO;
				CLANG_ANALYZER_NONNULL = YES;
				CLANG_ANALYZER_NUMBER_OBJECT_CONVERSION = YES_AGGRESSIVE;
				CLANG_CXX_LANGUAGE_STANDARD = "gnu++14";
				CLANG_CXX_LIBRARY = "libc++";
				CLANG_ENABLE_MODULES = YES;
				CLANG_ENABLE_OBJC_ARC = YES;
				CLANG_ENABLE_OBJC_WEAK = YES;
				CLANG_WARN_BLOCK_CAPTURE_AUTORELEASING = YES;
				CLANG_WARN_BOOL_CONVERSION = YES;
				CLANG_WARN_COMMA = YES;
				CLANG_WARN_CONSTANT_CONVERSION = YES;
				CLANG_WARN_DEPRECATED_OBJC_IMPLEMENTATIONS = YES;
				CLANG_WARN_DIRECT_OBJC_ISA_USAGE = YES_ERROR;
				CLANG_WARN_DOCUMENTATION_COMMENTS = YES;
				CLANG_WARN_EMPTY_BODY = YES;
				CLANG_WARN_ENUM_CONVERSION = YES;
				CLANG_WARN_INFINITE_RECURSION = YES;
				CLANG_WARN_INT_CONVERSION = YES;
				CLANG_WARN_NON_LITERAL_NULL_CONVERSION = YES;
				CLANG_WARN_OBJC_IMPLICIT_RETAIN_SELF = YES;
				CLANG_WARN_OBJC_LITERAL_CONVERSION = YES;
				CLANG_WARN_OBJC_ROOT_CLASS = YES_ERROR;
				CLANG_WARN_QUOTED_INCLUDE_IN_FRAMEWORK_HEADER = YES;
				CLANG_WARN_RANGE_LOOP_ANALYSIS = YES;
				CLANG_WARN_STRICT_PROTOTYPES = YES;
				CLANG_WARN_SUSPICIOUS_MOVE = YES;
				CLANG_WARN_UNGUARDED_AVAILABILITY = YES_AGGRESSIVE;
				CLANG_WARN_UNREACHABLE_CODE = YES;
				CLANG_WARN__DUPLICATE_METHOD_MATCH = YES;
				COPY_PHASE_STRIP = NO;
				DEBUG_INFORMATION_FORMAT = dwarf;
				ENABLE_STRICT_OBJC_MSGSEND = YES;
				ENABLE_TESTABILITY = YES;
				GCC_C_LANGUAGE_STANDARD = gnu11;
				GCC_DYNAMIC_NO_PIC = NO;
				GCC_NO_COMMON_BLOCKS = YES;
				GCC_OPTIMIZATION_LEVEL = 0;
				GCC_PREPROCESSOR_DEFINITIONS = (
					"DEBUG=1",
					"$(inherited)",
				);
				GCC_WARN_64_TO_32_BIT_CONVERSION = YES;
				GCC_WARN_ABOUT_RETURN_TYPE = YES_ERROR;
				GCC_WARN_UNDECLARED_SELECTOR = YES;
				GCC_WARN_UNINITIALIZED_AUTOS = YES_AGGRESSIVE;
				GCC_WARN_UNUSED_FUNCTION = YES;
				GCC_WARN_UNUSED_VARIABLE = YES;
				IPHONEOS_DEPLOYMENT_TARGET = 14.0;
				MTL_ENABLE_DEBUG_INFO = INCLUDE_SOURCE;
				MTL_FAST_MATH = YES;
				ONLY_ACTIVE_ARCH = YES;
				SDKROOT = iphoneos;
				SWIFT_ACTIVE_COMPILATION_CONDITIONS = DEBUG;
				SWIFT_OPTIMIZATION_LEVEL = "-Onone";
			};
			name = Debug;
		};
		18F0E9FE25219A980031DB29 /* Release */ = {
			isa = XCBuildConfiguration;
			buildSettings = {
				ALWAYS_SEARCH_USER_PATHS = NO;
				CLANG_ANALYZER_NONNULL = YES;
				CLANG_ANALYZER_NUMBER_OBJECT_CONVERSION = YES_AGGRESSIVE;
				CLANG_CXX_LANGUAGE_STANDARD = "gnu++14";
				CLANG_CXX_LIBRARY = "libc++";
				CLANG_ENABLE_MODULES = YES;
				CLANG_ENABLE_OBJC_ARC = YES;
				CLANG_ENABLE_OBJC_WEAK = YES;
				CLANG_WARN_BLOCK_CAPTURE_AUTORELEASING = YES;
				CLANG_WARN_BOOL_CONVERSION = YES;
				CLANG_WARN_COMMA = YES;
				CLANG_WARN_CONSTANT_CONVERSION = YES;
				CLANG_WARN_DEPRECATED_OBJC_IMPLEMENTATIONS = YES;
				CLANG_WARN_DIRECT_OBJC_ISA_USAGE = YES_ERROR;
				CLANG_WARN_DOCUMENTATION_COMMENTS = YES;
				CLANG_WARN_EMPTY_BODY = YES;
				CLANG_WARN_ENUM_CONVERSION = YES;
				CLANG_WARN_INFINITE_RECURSION = YES;
				CLANG_WARN_INT_CONVERSION = YES;
				CLANG_WARN_NON_LITERAL_NULL_CONVERSION = YES;
				CLANG_WARN_OBJC_IMPLICIT_RETAIN_SELF = YES;
				CLANG_WARN_OBJC_LITERAL_CONVERSION = YES;
				CLANG_WARN_OBJC_ROOT_CLASS = YES_ERROR;
				CLANG_WARN_QUOTED_INCLUDE_IN_FRAMEWORK_HEADER = YES;
				CLANG_WARN_RANGE_LOOP_ANALYSIS = YES;
				CLANG_WARN_STRICT_PROTOTYPES = YES;
				CLANG_WARN_SUSPICIOUS_MOVE = YES;
				CLANG_WARN_UNGUARDED_AVAILABILITY = YES_AGGRESSIVE;
				CLANG_WARN_UNREACHABLE_CODE = YES;
				CLANG_WARN__DUPLICATE_METHOD_MATCH = YES;
				COPY_PHASE_STRIP = NO;
				DEBUG_INFORMATION_FORMAT = "dwarf-with-dsym";
				ENABLE_NS_ASSERTIONS = NO;
				ENABLE_STRICT_OBJC_MSGSEND = YES;
				GCC_C_LANGUAGE_STANDARD = gnu11;
				GCC_NO_COMMON_BLOCKS = YES;
				GCC_WARN_64_TO_32_BIT_CONVERSION = YES;
				GCC_WARN_ABOUT_RETURN_TYPE = YES_ERROR;
				GCC_WARN_UNDECLARED_SELECTOR = YES;
				GCC_WARN_UNINITIALIZED_AUTOS = YES_AGGRESSIVE;
				GCC_WARN_UNUSED_FUNCTION = YES;
				GCC_WARN_UNUSED_VARIABLE = YES;
				IPHONEOS_DEPLOYMENT_TARGET = 14.0;
				MTL_ENABLE_DEBUG_INFO = NO;
				MTL_FAST_MATH = YES;
				SDKROOT = iphoneos;
				SWIFT_COMPILATION_MODE = wholemodule;
				SWIFT_OPTIMIZATION_LEVEL = "-O";
				VALIDATE_PRODUCT = YES;
			};
			name = Release;
		};
		18F0EA0025219A980031DB29 /* Debug */ = {
			isa = XCBuildConfiguration;
			buildSettings = {
				ASSETCATALOG_COMPILER_APPICON_NAME = AppIcon;
				ASSETCATALOG_COMPILER_GLOBAL_ACCENT_COLOR_NAME = AccentColor;
				CODE_SIGN_STYLE = Automatic;
				DEVELOPMENT_TEAM = 4ZWDDAY44Z;
				INFOPLIST_FILE = CalendarApp/Info.plist;
				IPHONEOS_DEPLOYMENT_TARGET = 10.0;
				LD_RUNPATH_SEARCH_PATHS = (
					"$(inherited)",
					"@executable_path/Frameworks",
				);
				PRODUCT_BUNDLE_IDENTIFIER = demo.abc.CalendarApp;
				PRODUCT_NAME = "$(TARGET_NAME)";
				SWIFT_OBJC_BRIDGING_HEADER = "/Users/apple/Desktop/ULife/Training_Calendar/CalendarApp/Bridging-Header.h";
				SWIFT_VERSION = 5.0;
				TARGETED_DEVICE_FAMILY = "1,2";
			};
			name = Debug;
		};
		18F0EA0125219A980031DB29 /* Release */ = {
			isa = XCBuildConfiguration;
			buildSettings = {
				ASSETCATALOG_COMPILER_APPICON_NAME = AppIcon;
				ASSETCATALOG_COMPILER_GLOBAL_ACCENT_COLOR_NAME = AccentColor;
				CODE_SIGN_STYLE = Automatic;
				DEVELOPMENT_TEAM = 4ZWDDAY44Z;
				INFOPLIST_FILE = CalendarApp/Info.plist;
				IPHONEOS_DEPLOYMENT_TARGET = 10.0;
				LD_RUNPATH_SEARCH_PATHS = (
					"$(inherited)",
					"@executable_path/Frameworks",
				);
				PRODUCT_BUNDLE_IDENTIFIER = demo.abc.CalendarApp;
				PRODUCT_NAME = "$(TARGET_NAME)";
				SWIFT_OBJC_BRIDGING_HEADER = "/Users/apple/Desktop/ULife/Training_Calendar/CalendarApp/Bridging-Header.h";
				SWIFT_VERSION = 5.0;
				TARGETED_DEVICE_FAMILY = "1,2";
			};
			name = Release;
		};
/* End XCBuildConfiguration section */

/* Begin XCConfigurationList section */
		18F0E9E625219A960031DB29 /* Build configuration list for PBXProject "CalendarApp" */ = {
			isa = XCConfigurationList;
			buildConfigurations = (
				18F0E9FD25219A980031DB29 /* Debug */,
				18F0E9FE25219A980031DB29 /* Release */,
			);
			defaultConfigurationIsVisible = 0;
			defaultConfigurationName = Release;
		};
		18F0E9FF25219A980031DB29 /* Build configuration list for PBXNativeTarget "CalendarApp" */ = {
			isa = XCConfigurationList;
			buildConfigurations = (
				18F0EA0025219A980031DB29 /* Debug */,
				18F0EA0125219A980031DB29 /* Release */,
			);
			defaultConfigurationIsVisible = 0;
			defaultConfigurationName = Release;
		};
/* End XCConfigurationList section */
	};
	rootObject = 18F0E9E325219A960031DB29 /* Project object */;
}
